
Microsoft Visual Studio Solution File, Format Version 12.00
# Visual Studio Version 17
Project("{2150E333-8FDC-42A3-9474-1A3956D46DE8}") = "src", "src", "{827E0CD3-B72D-47B6-A68D-7590B98EB39B}"
EndProject
Project("{FAE04EC0-301F-11D3-BF4B-00C04F79EFBC}") = "WarThunderStreamDeck.Core", "src\WarThunderStreamDeck.Core\WarThunderStreamDeck.Core.csproj", "{02A90211-7C0A-457A-9275-5B5A497E1069}"
EndProject
Project("{FAE04EC0-301F-11D3-BF4B-00C04F79EFBC}") = "WarThunderStreamDeck.Mechanisation", "src\WarThunderStreamDeck.Mechanisation\WarThunderStreamDeck.Mechanisation.csproj", "{D401A271-11F0-42A8-93D8-08D6E04BE752}"
EndProject
Project("{FAE04EC0-301F-11D3-BF4B-00C04F79EFBC}") = "WarThunderStreamDeck.Engine", "src\WarThunderStreamDeck.Engine\WarThunderStreamDeck.Engine.csproj", "{5C4C78D0-DC76-417F-AC78-16E7450CEAC2}"
EndProject
Project("{FAE04EC0-301F-11D3-BF4B-00C04F79EFBC}") = "WarThunderStreamDeck.WeaponsAa", "src\WarThunderStreamDeck.WeaponsAa\WarThunderStreamDeck.WeaponsAa.csproj", "{CB6A8B8F-5CED-4951-9526-F50C45809081}"
EndProject
Project("{FAE04EC0-301F-11D3-BF4B-00C04F79EFBC}") = "WarThunderStreamDeck.WeaponsAg", "src\WarThunderStreamDeck.WeaponsAg\WarThunderStreamDeck.WeaponsAg.csproj", "{3691028B-A877-472E-A8A2-6838BFFFC41D}"
EndProject
Project("{FAE04EC0-301F-11D3-BF4B-00C04F79EFBC}") = "WarThunderStreamDeck.Countermeasures", "src\WarThunderStreamDeck.Countermeasures\WarThunderStreamDeck.Countermeasures.csproj", "{9039FA92-31B6-48EF-B32E-AE641263FC2B}"
EndProject
Project("{FAE04EC0-301F-11D3-BF4B-00C04F79EFBC}") = "WarThunderStreamDeck.RadarAir", "src\WarThunderStreamDeck.RadarAir\WarThunderStreamDeck.RadarAir.csproj", "{0BAE287D-B6AB-4991-AD56-0766CC36B6CC}"
EndProject
Project("{FAE04EC0-301F-11D3-BF4B-00C04F79EFBC}") = "WarThunderStreamDeck.OpticsAir", "src\WarThunderStreamDeck.OpticsAir\WarThunderStreamDeck.OpticsAir.csproj", "{E51206F9-AD1D-4821-A5DB-1BA57300C9D3}"
EndProject
Project("{FAE04EC0-301F-11D3-BF4B-00C04F79EFBC}") = "WarThunderStreamDeck.HeliMech", "src\WarThunderStreamDeck.HeliMech\WarThunderStreamDeck.HeliMech.csproj", "{8A0BA97D-A2F0-47BC-AAE7-3C3B924CFEEC}"
EndProject
Project("{FAE04EC0-301F-11D3-BF4B-00C04F79EFBC}") = "WarThunderStreamDeck.HeliCombat", "src\WarThunderStreamDeck.HeliCombat\WarThunderStreamDeck.HeliCombat.csproj", "{F2B39BA4-1D43-4909-8486-DBBA9FBC16F9}"
EndProject
Project("{FAE04EC0-301F-11D3-BF4B-00C04F79EFBC}") = "WarThunderStreamDeck.HeliSensors", "src\WarThunderStreamDeck.HeliSensors\WarThunderStreamDeck.HeliSensors.csproj", "{D38376AF-F5FF-4A36-8F9D-DA1480435197}"
EndProject
Project("{FAE04EC0-301F-11D3-BF4B-00C04F79EFBC}") = "WarThunderStreamDeck.TankMovement", "src\WarThunderStreamDeck.TankMovement\WarThunderStreamDeck.TankMovement.csproj", "{DCBDF2BC-1201-4B5E-AF61-94366E8AF3D7}"
EndProject
Project("{FAE04EC0-301F-11D3-BF4B-00C04F79EFBC}") = "WarThunderStreamDeck.TankCombat", "src\WarThunderStreamDeck.TankCombat\WarThunderStreamDeck.TankCombat.csproj", "{46B94235-15D5-43B0-877A-3B82CF9E8007}"
EndProject
Project("{FAE04EC0-301F-11D3-BF4B-00C04F79EFBC}") = "WarThunderStreamDeck.TankSights", "src\WarThunderStreamDeck.TankSights\WarThunderStreamDeck.TankSights.csproj", "{F03FC6B2-488C-4BC8-A0CC-9CE6A306FFEC}"
EndProject
Project("{FAE04EC0-301F-11D3-BF4B-00C04F79EFBC}") = "WarThunderStreamDeck.RadarGround", "src\WarThunderStreamDeck.RadarGround\WarThunderStreamDeck.RadarGround.csproj", "{8E2E8AC9-AE5D-4F89-89B6-536A5D57F2FA}"
EndProject
Project("{FAE04EC0-301F-11D3-BF4B-00C04F79EFBC}") = "WarThunderStreamDeck.ShipCombat", "src\WarThunderStreamDeck.ShipCombat\WarThunderStreamDeck.ShipCombat.csproj", "{5C32FCEC-30D1-4252-B196-8B2B1FAA7FDA}"
EndProject
Project("{FAE04EC0-301F-11D3-BF4B-00C04F79EFBC}") = "WarThunderStreamDeck.View", "src\WarThunderStreamDeck.View\WarThunderStreamDeck.View.csproj", "{EDA644D3-AE69-4189-A1CA-A732E0D311F8}"
EndProject
Project("{FAE04EC0-301F-11D3-BF4B-00C04F79EFBC}") = "WarThunderStreamDeck.Coms", "src\WarThunderStreamDeck.Coms\WarThunderStreamDeck.Coms.csproj", "{82980094-CE35-4D04-B6DC-9B5E3CC0690D}"
EndProject
Project("{FAE04EC0-301F-11D3-BF4B-00C04F79EFBC}") = "WarThunderStreamDeck.Hud", "src\WarThunderStreamDeck.Hud\WarThunderStreamDeck.Hud.csproj", "{13BB2DDC-155C-4129-903E-C006CCB10CB2}"
EndProject
Global
	GlobalSection(SolutionConfigurationPlatforms) = preSolution
		Debug|Any CPU = Debug|Any CPU
		Debug|x64 = Debug|x64
		Debug|x86 = Debug|x86
		Release|Any CPU = Release|Any CPU
		Release|x64 = Release|x64
		Release|x86 = Release|x86
	EndGlobalSection
	GlobalSection(ProjectConfigurationPlatforms) = postSolution
		{02A90211-7C0A-457A-9275-5B5A497E1069}.Debug|Any CPU.ActiveCfg = Debug|Any CPU
		{02A90211-7C0A-457A-9275-5B5A497E1069}.Debug|Any CPU.Build.0 = Debug|Any CPU
		{02A90211-7C0A-457A-9275-5B5A497E1069}.Debug|x64.ActiveCfg = Debug|Any CPU
		{02A90211-7C0A-457A-9275-5B5A497E1069}.Debug|x64.Build.0 = Debug|Any CPU
		{02A90211-7C0A-457A-9275-5B5A497E1069}.Debug|x86.ActiveCfg = Debug|Any CPU
		{02A90211-7C0A-457A-9275-5B5A497E1069}.Debug|x86.Build.0 = Debug|Any CPU
		{02A90211-7C0A-457A-9275-5B5A497E1069}.Release|Any CPU.ActiveCfg = Release|Any CPU
		{02A90211-7C0A-457A-9275-5B5A497E1069}.Release|Any CPU.Build.0 = Release|Any CPU
		{02A90211-7C0A-457A-9275-5B5A497E1069}.Release|x64.ActiveCfg = Release|Any CPU
		{02A90211-7C0A-457A-9275-5B5A497E1069}.Release|x64.Build.0 = Release|Any CPU
		{02A90211-7C0A-457A-9275-5B5A497E1069}.Release|x86.ActiveCfg = Release|Any CPU
		{02A90211-7C0A-457A-9275-5B5A497E1069}.Release|x86.Build.0 = Release|Any CPU
		{D401A271-11F0-42A8-93D8-08D6E04BE752}.Debug|Any CPU.ActiveCfg = Debug|Any CPU
		{D401A271-11F0-42A8-93D8-08D6E04BE752}.Debug|Any CPU.Build.0 = Debug|Any CPU
		{D401A271-11F0-42A8-93D8-08D6E04BE752}.Debug|x64.ActiveCfg = Debug|Any CPU
		{D401A271-11F0-42A8-93D8-08D6E04BE752}.Debug|x64.Build.0 = Debug|Any CPU
		{D401A271-11F0-42A8-93D8-08D6E04BE752}.Debug|x86.ActiveCfg = Debug|Any CPU
		{D401A271-11F0-42A8-93D8-08D6E04BE752}.Debug|x86.Build.0 = Debug|Any CPU
		{D401A271-11F0-42A8-93D8-08D6E04BE752}.Release|Any CPU.ActiveCfg = Release|Any CPU
		{D401A271-11F0-42A8-93D8-08D6E04BE752}.Release|Any CPU.Build.0 = Release|Any CPU
		{D401A271-11F0-42A8-93D8-08D6E04BE752}.Release|x64.ActiveCfg = Release|Any CPU
		{D401A271-11F0-42A8-93D8-08D6E04BE752}.Release|x64.Build.0 = Release|Any CPU
		{D401A271-11F0-42A8-93D8-08D6E04BE752}.Release|x86.ActiveCfg = Release|Any CPU
		{D401A271-11F0-42A8-93D8-08D6E04BE752}.Release|x86.Build.0 = Release|Any CPU
		{5C4C78D0-DC76-417F-AC78-16E7450CEAC2}.Debug|Any CPU.ActiveCfg = Debug|Any CPU
		{5C4C78D0-DC76-417F-AC78-16E7450CEAC2}.Debug|Any CPU.Build.0 = Debug|Any CPU
		{5C4C78D0-DC76-417F-AC78-16E7450CEAC2}.Debug|x64.ActiveCfg = Debug|Any CPU
		{5C4C78D0-DC76-417F-AC78-16E7450CEAC2}.Debug|x64.Build.0 = Debug|Any CPU
		{5C4C78D0-DC76-417F-AC78-16E7450CEAC2}.Debug|x86.ActiveCfg = Debug|Any CPU
		{5C4C78D0-DC76-417F-AC78-16E7450CEAC2}.Debug|x86.Build.0 = Debug|Any CPU
		{5C4C78D0-DC76-417F-AC78-16E7450CEAC2}.Release|Any CPU.ActiveCfg = Release|Any CPU
		{5C4C78D0-DC76-417F-AC78-16E7450CEAC2}.Release|Any CPU.Build.0 = Release|Any CPU
		{5C4C78D0-DC76-417F-AC78-16E7450CEAC2}.Release|x64.ActiveCfg = Release|Any CPU
		{5C4C78D0-DC76-417F-AC78-16E7450CEAC2}.Release|x64.Build.0 = Release|Any CPU
		{5C4C78D0-DC76-417F-AC78-16E7450CEAC2}.Release|x86.ActiveCfg = Release|Any CPU
		{5C4C78D0-DC76-417F-AC78-16E7450CEAC2}.Release|x86.Build.0 = Release|Any CPU
		{CB6A8B8F-5CED-4951-9526-F50C45809081}.Debug|Any CPU.ActiveCfg = Debug|Any CPU
		{CB6A8B8F-5CED-4951-9526-F50C45809081}.Debug|Any CPU.Build.0 = Debug|Any CPU
		{CB6A8B8F-5CED-4951-9526-F50C45809081}.Debug|x64.ActiveCfg = Debug|Any CPU
		{CB6A8B8F-5CED-4951-9526-F50C45809081}.Debug|x64.Build.0 = Debug|Any CPU
		{CB6A8B8F-5CED-4951-9526-F50C45809081}.Debug|x86.ActiveCfg = Debug|Any CPU
		{CB6A8B8F-5CED-4951-9526-F50C45809081}.Debug|x86.Build.0 = Debug|Any CPU
		{CB6A8B8F-5CED-4951-9526-F50C45809081}.Release|Any CPU.ActiveCfg = Release|Any CPU
		{CB6A8B8F-5CED-4951-9526-F50C45809081}.Release|Any CPU.Build.0 = Release|Any CPU
		{CB6A8B8F-5CED-4951-9526-F50C45809081}.Release|x64.ActiveCfg = Release|Any CPU
		{CB6A8B8F-5CED-4951-9526-F50C45809081}.Release|x64.Build.0 = Release|Any CPU
		{CB6A8B8F-5CED-4951-9526-F50C45809081}.Release|x86.ActiveCfg = Release|Any CPU
		{CB6A8B8F-5CED-4951-9526-F50C45809081}.Release|x86.Build.0 = Release|Any CPU
		{3691028B-A877-472E-A8A2-6838BFFFC41D}.Debug|Any CPU.ActiveCfg = Debug|Any CPU
		{3691028B-A877-472E-A8A2-6838BFFFC41D}.Debug|Any CPU.Build.0 = Debug|Any CPU
		{3691028B-A877-472E-A8A2-6838BFFFC41D}.Debug|x64.ActiveCfg = Debug|Any CPU
		{3691028B-A877-472E-A8A2-6838BFFFC41D}.Debug|x64.Build.0 = Debug|Any CPU
		{3691028B-A877-472E-A8A2-6838BFFFC41D}.Debug|x86.ActiveCfg = Debug|Any CPU
		{3691028B-A877-472E-A8A2-6838BFFFC41D}.Debug|x86.Build.0 = Debug|Any CPU
		{3691028B-A877-472E-A8A2-6838BFFFC41D}.Release|Any CPU.ActiveCfg = Release|Any CPU
		{3691028B-A877-472E-A8A2-6838BFFFC41D}.Release|Any CPU.Build.0 = Release|Any CPU
		{3691028B-A877-472E-A8A2-6838BFFFC41D}.Release|x64.ActiveCfg = Release|Any CPU
		{3691028B-A877-472E-A8A2-6838BFFFC41D}.Release|x64.Build.0 = Release|Any CPU
		{3691028B-A877-472E-A8A2-6838BFFFC41D}.Release|x86.ActiveCfg = Release|Any CPU
		{3691028B-A877-472E-A8A2-6838BFFFC41D}.Release|x86.Build.0 = Release|Any CPU
		{9039FA92-31B6-48EF-B32E-AE641263FC2B}.Debug|Any CPU.ActiveCfg = Debug|Any CPU
		{9039FA92-31B6-48EF-B32E-AE641263FC2B}.Debug|Any CPU.Build.0 = Debug|Any CPU
		{9039FA92-31B6-48EF-B32E-AE641263FC2B}.Debug|x64.ActiveCfg = Debug|Any CPU
		{9039FA92-31B6-48EF-B32E-AE641263FC2B}.Debug|x64.Build.0 = Debug|Any CPU
		{9039FA92-31B6-48EF-B32E-AE641263FC2B}.Debug|x86.ActiveCfg = Debug|Any CPU
		{9039FA92-31B6-48EF-B32E-AE641263FC2B}.Debug|x86.Build.0 = Debug|Any CPU
		{9039FA92-31B6-48EF-B32E-AE641263FC2B}.Release|Any CPU.ActiveCfg = Release|Any CPU
		{9039FA92-31B6-48EF-B32E-AE641263FC2B}.Release|Any CPU.Build.0 = Release|Any CPU
		{9039FA92-31B6-48EF-B32E-AE641263FC2B}.Release|x64.ActiveCfg = Release|Any CPU
		{9039FA92-31B6-48EF-B32E-AE641263FC2B}.Release|x64.Build.0 = Release|Any CPU
		{9039FA92-31B6-48EF-B32E-AE641263FC2B}.Release|x86.ActiveCfg = Release|Any CPU
		{9039FA92-31B6-48EF-B32E-AE641263FC2B}.Release|x86.Build.0 = Release|Any CPU
		{0BAE287D-B6AB-4991-AD56-0766CC36B6CC}.Debug|Any CPU.ActiveCfg = Debug|Any CPU
		{0BAE287D-B6AB-4991-AD56-0766CC36B6CC}.Debug|Any CPU.Build.0 = Debug|Any CPU
		{0BAE287D-B6AB-4991-AD56-0766CC36B6CC}.Debug|x64.ActiveCfg = Debug|Any CPU
		{0BAE287D-B6AB-4991-AD56-0766CC36B6CC}.Debug|x64.Build.0 = Debug|Any CPU
		{0BAE287D-B6AB-4991-AD56-0766CC36B6CC}.Debug|x86.ActiveCfg = Debug|Any CPU
		{0BAE287D-B6AB-4991-AD56-0766CC36B6CC}.Debug|x86.Build.0 = Debug|Any CPU
		{0BAE287D-B6AB-4991-AD56-0766CC36B6CC}.Release|Any CPU.ActiveCfg = Release|Any CPU
		{0BAE287D-B6AB-4991-AD56-0766CC36B6CC}.Release|Any CPU.Build.0 = Release|Any CPU
		{0BAE287D-B6AB-4991-AD56-0766CC36B6CC}.Release|x64.ActiveCfg = Release|Any CPU
		{0BAE287D-B6AB-4991-AD56-0766CC36B6CC}.Release|x64.Build.0 = Release|Any CPU
		{0BAE287D-B6AB-4991-AD56-0766CC36B6CC}.Release|x86.ActiveCfg = Release|Any CPU
		{0BAE287D-B6AB-4991-AD56-0766CC36B6CC}.Release|x86.Build.0 = Release|Any CPU
		{E51206F9-AD1D-4821-A5DB-1BA57300C9D3}.Debug|Any CPU.ActiveCfg = Debug|Any CPU
		{E51206F9-AD1D-4821-A5DB-1BA57300C9D3}.Debug|Any CPU.Build.0 = Debug|Any CPU
		{E51206F9-AD1D-4821-A5DB-1BA57300C9D3}.Debug|x64.ActiveCfg = Debug|Any CPU
		{E51206F9-AD1D-4821-A5DB-1BA57300C9D3}.Debug|x64.Build.0 = Debug|Any CPU
		{E51206F9-AD1D-4821-A5DB-1BA57300C9D3}.Debug|x86.ActiveCfg = Debug|Any CPU
		{E51206F9-AD1D-4821-A5DB-1BA57300C9D3}.Debug|x86.Build.0 = Debug|Any CPU
		{E51206F9-AD1D-4821-A5DB-1BA57300C9D3}.Release|Any CPU.ActiveCfg = Release|Any CPU
		{E51206F9-AD1D-4821-A5DB-1BA57300C9D3}.Release|Any CPU.Build.0 = Release|Any CPU
		{E51206F9-AD1D-4821-A5DB-1BA57300C9D3}.Release|x64.ActiveCfg = Release|Any CPU
		{E51206F9-AD1D-4821-A5DB-1BA57300C9D3}.Release|x64.Build.0 = Release|Any CPU
		{E51206F9-AD1D-4821-A5DB-1BA57300C9D3}.Release|x86.ActiveCfg = Release|Any CPU
		{E51206F9-AD1D-4821-A5DB-1BA57300C9D3}.Release|x86.Build.0 = Release|Any CPU
		{8A0BA97D-A2F0-47BC-AAE7-3C3B924CFEEC}.Debug|Any CPU.ActiveCfg = Debug|Any CPU
		{8A0BA97D-A2F0-47BC-AAE7-3C3B924CFEEC}.Debug|Any CPU.Build.0 = Debug|Any CPU
		{8A0BA97D-A2F0-47BC-AAE7-3C3B924CFEEC}.Debug|x64.ActiveCfg = Debug|Any CPU
		{8A0BA97D-A2F0-47BC-AAE7-3C3B924CFEEC}.Debug|x64.Build.0 = Debug|Any CPU
		{8A0BA97D-A2F0-47BC-AAE7-3C3B924CFEEC}.Debug|x86.ActiveCfg = Debug|Any CPU
		{8A0BA97D-A2F0-47BC-AAE7-3C3B924CFEEC}.Debug|x86.Build.0 = Debug|Any CPU
		{8A0BA97D-A2F0-47BC-AAE7-3C3B924CFEEC}.Release|Any CPU.ActiveCfg = Release|Any CPU
		{8A0BA97D-A2F0-47BC-AAE7-3C3B924CFEEC}.Release|Any CPU.Build.0 = Release|Any CPU
		{8A0BA97D-A2F0-47BC-AAE7-3C3B924CFEEC}.Release|x64.ActiveCfg = Release|Any CPU
		{8A0BA97D-A2F0-47BC-AAE7-3C3B924CFEEC}.Release|x64.Build.0 = Release|Any CPU
		{8A0BA97D-A2F0-47BC-AAE7-3C3B924CFEEC}.Release|x86.ActiveCfg = Release|Any CPU
		{8A0BA97D-A2F0-47BC-AAE7-3C3B924CFEEC}.Release|x86.Build.0 = Release|Any CPU
		{F2B39BA4-1D43-4909-8486-DBBA9FBC16F9}.Debug|Any CPU.ActiveCfg = Debug|Any CPU
		{F2B39BA4-1D43-4909-8486-DBBA9FBC16F9}.Debug|Any CPU.Build.0 = Debug|Any CPU
		{F2B39BA4-1D43-4909-8486-DBBA9FBC16F9}.Debug|x64.ActiveCfg = Debug|Any CPU
		{F2B39BA4-1D43-4909-8486-DBBA9FBC16F9}.Debug|x64.Build.0 = Debug|Any CPU
		{F2B39BA4-1D43-4909-8486-DBBA9FBC16F9}.Debug|x86.ActiveCfg = Debug|Any CPU
		{F2B39BA4-1D43-4909-8486-DBBA9FBC16F9}.Debug|x86.Build.0 = Debug|Any CPU
		{F2B39BA4-1D43-4909-8486-DBBA9FBC16F9}.Release|Any CPU.ActiveCfg = Release|Any CPU
		{F2B39BA4-1D43-4909-8486-DBBA9FBC16F9}.Release|Any CPU.Build.0 = Release|Any CPU
		{F2B39BA4-1D43-4909-8486-DBBA9FBC16F9}.Release|x64.ActiveCfg = Release|Any CPU
		{F2B39BA4-1D43-4909-8486-DBBA9FBC16F9}.Release|x64.Build.0 = Release|Any CPU
		{F2B39BA4-1D43-4909-8486-DBBA9FBC16F9}.Release|x86.ActiveCfg = Release|Any CPU
		{F2B39BA4-1D43-4909-8486-DBBA9FBC16F9}.Release|x86.Build.0 = Release|Any CPU
		{D38376AF-F5FF-4A36-8F9D-DA1480435197}.Debug|Any CPU.ActiveCfg = Debug|Any CPU
		{D38376AF-F5FF-4A36-8F9D-DA1480435197}.Debug|Any CPU.Build.0 = Debug|Any CPU
		{D38376AF-F5FF-4A36-8F9D-DA1480435197}.Debug|x64.ActiveCfg = Debug|Any CPU
		{D38376AF-F5FF-4A36-8F9D-DA1480435197}.Debug|x64.Build.0 = Debug|Any CPU
		{D38376AF-F5FF-4A36-8F9D-DA1480435197}.Debug|x86.ActiveCfg = Debug|Any CPU
		{D38376AF-F5FF-4A36-8F9D-DA1480435197}.Debug|x86.Build.0 = Debug|Any CPU
		{D38376AF-F5FF-4A36-8F9D-DA1480435197}.Release|Any CPU.ActiveCfg = Release|Any CPU
		{D38376AF-F5FF-4A36-8F9D-DA1480435197}.Release|Any CPU.Build.0 = Release|Any CPU
		{D38376AF-F5FF-4A36-8F9D-DA1480435197}.Release|x64.ActiveCfg = Release|Any CPU
		{D38376AF-F5FF-4A36-8F9D-DA1480435197}.Release|x64.Build.0 = Release|Any CPU
		{D38376AF-F5FF-4A36-8F9D-DA1480435197}.Release|x86.ActiveCfg = Release|Any CPU
		{D38376AF-F5FF-4A36-8F9D-DA1480435197}.Release|x86.Build.0 = Release|Any CPU
		{DCBDF2BC-1201-4B5E-AF61-94366E8AF3D7}.Debug|Any CPU.ActiveCfg = Debug|Any CPU
		{DCBDF2BC-1201-4B5E-AF61-94366E8AF3D7}.Debug|Any CPU.Build.0 = Debug|Any CPU
		{DCBDF2BC-1201-4B5E-AF61-94366E8AF3D7}.Debug|x64.ActiveCfg = Debug|Any CPU
		{DCBDF2BC-1201-4B5E-AF61-94366E8AF3D7}.Debug|x64.Build.0 = Debug|Any CPU
		{DCBDF2BC-1201-4B5E-AF61-94366E8AF3D7}.Debug|x86.ActiveCfg = Debug|Any CPU
		{DCBDF2BC-1201-4B5E-AF61-94366E8AF3D7}.Debug|x86.Build.0 = Debug|Any CPU
		{DCBDF2BC-1201-4B5E-AF61-94366E8AF3D7}.Release|Any CPU.ActiveCfg = Release|Any CPU
		{DCBDF2BC-1201-4B5E-AF61-94366E8AF3D7}.Release|Any CPU.Build.0 = Release|Any CPU
		{DCBDF2BC-1201-4B5E-AF61-94366E8AF3D7}.Release|x64.ActiveCfg = Release|Any CPU
		{DCBDF2BC-1201-4B5E-AF61-94366E8AF3D7}.Release|x64.Build.0 = Release|Any CPU
		{DCBDF2BC-1201-4B5E-AF61-94366E8AF3D7}.Release|x86.ActiveCfg = Release|Any CPU
		{DCBDF2BC-1201-4B5E-AF61-94366E8AF3D7}.Release|x86.Build.0 = Release|Any CPU
		{46B94235-15D5-43B0-877A-3B82CF9E8007}.Debug|Any CPU.ActiveCfg = Debug|Any CPU
		{46B94235-15D5-43B0-877A-3B82CF9E8007}.Debug|Any CPU.Build.0 = Debug|Any CPU
		{46B94235-15D5-43B0-877A-3B82CF9E8007}.Debug|x64.ActiveCfg = Debug|Any CPU
		{46B94235-15D5-43B0-877A-3B82CF9E8007}.Debug|x64.Build.0 = Debug|Any CPU
		{46B94235-15D5-43B0-877A-3B82CF9E8007}.Debug|x86.ActiveCfg = Debug|Any CPU
		{46B94235-15D5-43B0-877A-3B82CF9E8007}.Debug|x86.Build.0 = Debug|Any CPU
		{46B94235-15D5-43B0-877A-3B82CF9E8007}.Release|Any CPU.ActiveCfg = Release|Any CPU
		{46B94235-15D5-43B0-877A-3B82CF9E8007}.Release|Any CPU.Build.0 = Release|Any CPU
		{46B94235-15D5-43B0-877A-3B82CF9E8007}.Release|x64.ActiveCfg = Release|Any CPU
		{46B94235-15D5-43B0-877A-3B82CF9E8007}.Release|x64.Build.0 = Release|Any CPU
		{46B94235-15D5-43B0-877A-3B82CF9E8007}.Release|x86.ActiveCfg = Release|Any CPU
		{46B94235-15D5-43B0-877A-3B82CF9E8007}.Release|x86.Build.0 = Release|Any CPU
		{F03FC6B2-488C-4BC8-A0CC-9CE6A306FFEC}.Debug|Any CPU.ActiveCfg = Debug|Any CPU
		{F03FC6B2-488C-4BC8-A0CC-9CE6A306FFEC}.Debug|Any CPU.Build.0 = Debug|Any CPU
		{F03FC6B2-488C-4BC8-A0CC-9CE6A306FFEC}.Debug|x64.ActiveCfg = Debug|Any CPU
		{F03FC6B2-488C-4BC8-A0CC-9CE6A306FFEC}.Debug|x64.Build.0 = Debug|Any CPU
		{F03FC6B2-488C-4BC8-A0CC-9CE6A306FFEC}.Debug|x86.ActiveCfg = Debug|Any CPU
		{F03FC6B2-488C-4BC8-A0CC-9CE6A306FFEC}.Debug|x86.Build.0 = Debug|Any CPU
		{F03FC6B2-488C-4BC8-A0CC-9CE6A306FFEC}.Release|Any CPU.ActiveCfg = Release|Any CPU
		{F03FC6B2-488C-4BC8-A0CC-9CE6A306FFEC}.Release|Any CPU.Build.0 = Release|Any CPU
		{F03FC6B2-488C-4BC8-A0CC-9CE6A306FFEC}.Release|x64.ActiveCfg = Release|Any CPU
		{F03FC6B2-488C-4BC8-A0CC-9CE6A306FFEC}.Release|x64.Build.0 = Release|Any CPU
		{F03FC6B2-488C-4BC8-A0CC-9CE6A306FFEC}.Release|x86.ActiveCfg = Release|Any CPU
		{F03FC6B2-488C-4BC8-A0CC-9CE6A306FFEC}.Release|x86.Build.0 = Release|Any CPU
		{8E2E8AC9-AE5D-4F89-89B6-536A5D57F2FA}.Debug|Any CPU.ActiveCfg = Debug|Any CPU
		{8E2E8AC9-AE5D-4F89-89B6-536A5D57F2FA}.Debug|Any CPU.Build.0 = Debug|Any CPU
		{8E2E8AC9-AE5D-4F89-89B6-536A5D57F2FA}.Debug|x64.ActiveCfg = Debug|Any CPU
		{8E2E8AC9-AE5D-4F89-89B6-536A5D57F2FA}.Debug|x64.Build.0 = Debug|Any CPU
		{8E2E8AC9-AE5D-4F89-89B6-536A5D57F2FA}.Debug|x86.ActiveCfg = Debug|Any CPU
		{8E2E8AC9-AE5D-4F89-89B6-536A5D57F2FA}.Debug|x86.Build.0 = Debug|Any CPU
		{8E2E8AC9-AE5D-4F89-89B6-536A5D57F2FA}.Release|Any CPU.ActiveCfg = Release|Any CPU
		{8E2E8AC9-AE5D-4F89-89B6-536A5D57F2FA}.Release|Any CPU.Build.0 = Release|Any CPU
		{8E2E8AC9-AE5D-4F89-89B6-536A5D57F2FA}.Release|x64.ActiveCfg = Release|Any CPU
		{8E2E8AC9-AE5D-4F89-89B6-536A5D57F2FA}.Release|x64.Build.0 = Release|Any CPU
		{8E2E8AC9-AE5D-4F89-89B6-536A5D57F2FA}.Release|x86.ActiveCfg = Release|Any CPU
		{8E2E8AC9-AE5D-4F89-89B6-536A5D57F2FA}.Release|x86.Build.0 = Release|Any CPU
		{5C32FCEC-30D1-4252-B196-8B2B1FAA7FDA}.Debug|Any CPU.ActiveCfg = Debug|Any CPU
		{5C32FCEC-30D1-4252-B196-8B2B1FAA7FDA}.Debug|Any CPU.Build.0 = Debug|Any CPU
		{5C32FCEC-30D1-4252-B196-8B2B1FAA7FDA}.Debug|x64.ActiveCfg = Debug|Any CPU
		{5C32FCEC-30D1-4252-B196-8B2B1FAA7FDA}.Debug|x64.Build.0 = Debug|Any CPU
		{5C32FCEC-30D1-4252-B196-8B2B1FAA7FDA}.Debug|x86.ActiveCfg = Debug|Any CPU
		{5C32FCEC-30D1-4252-B196-8B2B1FAA7FDA}.Debug|x86.Build.0 = Debug|Any CPU
		{5C32FCEC-30D1-4252-B196-8B2B1FAA7FDA}.Release|Any CPU.ActiveCfg = Release|Any CPU
		{5C32FCEC-30D1-4252-B196-8B2B1FAA7FDA}.Release|Any CPU.Build.0 = Release|Any CPU
		{5C32FCEC-30D1-4252-B196-8B2B1FAA7FDA}.Release|x64.ActiveCfg = Release|Any CPU
		{5C32FCEC-30D1-4252-B196-8B2B1FAA7FDA}.Release|x64.Build.0 = Release|Any CPU
		{5C32FCEC-30D1-4252-B196-8B2B1FAA7FDA}.Release|x86.ActiveCfg = Release|Any CPU
		{5C32FCEC-30D1-4252-B196-8B2B1FAA7FDA}.Release|x86.Build.0 = Release|Any CPU
		{EDA644D3-AE69-4189-A1CA-A732E0D311F8}.Debug|Any CPU.ActiveCfg = Debug|Any CPU
		{EDA644D3-AE69-4189-A1CA-A732E0D311F8}.Debug|Any CPU.Build.0 = Debug|Any CPU
		{EDA644D3-AE69-4189-A1CA-A732E0D311F8}.Debug|x64.ActiveCfg = Debug|Any CPU
		{EDA644D3-AE69-4189-A1CA-A732E0D311F8}.Debug|x64.Build.0 = Debug|Any CPU
		{EDA644D3-AE69-4189-A1CA-A732E0D311F8}.Debug|x86.ActiveCfg = Debug|Any CPU
		{EDA644D3-AE69-4189-A1CA-A732E0D311F8}.Debug|x86.Build.0 = Debug|Any CPU
		{EDA644D3-AE69-4189-A1CA-A732E0D311F8}.Release|Any CPU.ActiveCfg = Release|Any CPU
		{EDA644D3-AE69-4189-A1CA-A732E0D311F8}.Release|Any CPU.Build.0 = Release|Any CPU
		{EDA644D3-AE69-4189-A1CA-A732E0D311F8}.Release|x64.ActiveCfg = Release|Any CPU
		{EDA644D3-AE69-4189-A1CA-A732E0D311F8}.Release|x64.Build.0 = Release|Any CPU
		{EDA644D3-AE69-4189-A1CA-A732E0D311F8}.Release|x86.ActiveCfg = Release|Any CPU
		{EDA644D3-AE69-4189-A1CA-A732E0D311F8}.Release|x86.Build.0 = Release|Any CPU
		{82980094-CE35-4D04-B6DC-9B5E3CC0690D}.Debug|Any CPU.ActiveCfg = Debug|Any CPU
		{82980094-CE35-4D04-B6DC-9B5E3CC0690D}.Debug|Any CPU.Build.0 = Debug|Any CPU
		{82980094-CE35-4D04-B6DC-9B5E3CC0690D}.Debug|x64.ActiveCfg = Debug|Any CPU
		{82980094-CE35-4D04-B6DC-9B5E3CC0690D}.Debug|x64.Build.0 = Debug|Any CPU
		{82980094-CE35-4D04-B6DC-9B5E3CC0690D}.Debug|x86.ActiveCfg = Debug|Any CPU
		{82980094-CE35-4D04-B6DC-9B5E3CC0690D}.Debug|x86.Build.0 = Debug|Any CPU
		{82980094-CE35-4D04-B6DC-9B5E3CC0690D}.Release|Any CPU.ActiveCfg = Release|Any CPU
		{82980094-CE35-4D04-B6DC-9B5E3CC0690D}.Release|Any CPU.Build.0 = Release|Any CPU
		{82980094-CE35-4D04-B6DC-9B5E3CC0690D}.Release|x64.ActiveCfg = Release|Any CPU
		{82980094-CE35-4D04-B6DC-9B5E3CC0690D}.Release|x64.Build.0 = Release|Any CPU
		{82980094-CE35-4D04-B6DC-9B5E3CC0690D}.Release|x86.ActiveCfg = Release|Any CPU
		{82980094-CE35-4D04-B6DC-9B5E3CC0690D}.Release|x86.Build.0 = Release|Any CPU
		{13BB2DDC-155C-4129-903E-C006CCB10CB2}.Debug|Any CPU.ActiveCfg = Debug|Any CPU
		{13BB2DDC-155C-4129-903E-C006CCB10CB2}.Debug|Any CPU.Build.0 = Debug|Any CPU
		{13BB2DDC-155C-4129-903E-C006CCB10CB2}.Debug|x64.ActiveCfg = Debug|Any CPU
		{13BB2DDC-155C-4129-903E-C006CCB10CB2}.Debug|x64.Build.0 = Debug|Any CPU
		{13BB2DDC-155C-4129-903E-C006CCB10CB2}.Debug|x86.ActiveCfg = Debug|Any CPU
		{13BB2DDC-155C-4129-903E-C006CCB10CB2}.Debug|x86.Build.0 = Debug|Any CPU
		{13BB2DDC-155C-4129-903E-C006CCB10CB2}.Release|Any CPU.ActiveCfg = Release|Any CPU
		{13BB2DDC-155C-4129-903E-C006CCB10CB2}.Release|Any CPU.Build.0 = Release|Any CPU
		{13BB2DDC-155C-4129-903E-C006CCB10CB2}.Release|x64.ActiveCfg = Release|Any CPU
		{13BB2DDC-155C-4129-903E-C006CCB10CB2}.Release|x64.Build.0 = Release|Any CPU
		{13BB2DDC-155C-4129-903E-C006CCB10CB2}.Release|x86.ActiveCfg = Release|Any CPU
		{13BB2DDC-155C-4129-903E-C006CCB10CB2}.Release|x86.Build.0 = Release|Any CPU
	EndGlobalSection
	GlobalSection(SolutionProperties) = preSolution
		HideSolutionNode = FALSE
	EndGlobalSection
	GlobalSection(NestedProjects) = preSolution
		{02A90211-7C0A-457A-9275-5B5A497E1069} = {827E0CD3-B72D-47B6-A68D-7590B98EB39B}
		{D401A271-11F0-42A8-93D8-08D6E04BE752} = {827E0CD3-B72D-47B6-A68D-7590B98EB39B}
		{5C4C78D0-DC76-417F-AC78-16E7450CEAC2} = {827E0CD3-B72D-47B6-A68D-7590B98EB39B}
		{CB6A8B8F-5CED-4951-9526-F50C45809081} = {827E0CD3-B72D-47B6-A68D-7590B98EB39B}
		{3691028B-A877-472E-A8A2-6838BFFFC41D} = {827E0CD3-B72D-47B6-A68D-7590B98EB39B}
		{9039FA92-31B6-48EF-B32E-AE641263FC2B} = {827E0CD3-B72D-47B6-A68D-7590B98EB39B}
		{0BAE287D-B6AB-4991-AD56-0766CC36B6CC} = {827E0CD3-B72D-47B6-A68D-7590B98EB39B}
		{E51206F9-AD1D-4821-A5DB-1BA57300C9D3} = {827E0CD3-B72D-47B6-A68D-7590B98EB39B}
		{8A0BA97D-A2F0-47BC-AAE7-3C3B924CFEEC} = {827E0CD3-B72D-47B6-A68D-7590B98EB39B}
		{F2B39BA4-1D43-4909-8486-DBBA9FBC16F9} = {827E0CD3-B72D-47B6-A68D-7590B98EB39B}
		{D38376AF-F5FF-4A36-8F9D-DA1480435197} = {827E0CD3-B72D-47B6-A68D-7590B98EB39B}
		{DCBDF2BC-1201-4B5E-AF61-94366E8AF3D7} = {827E0CD3-B72D-47B6-A68D-7590B98EB39B}
		{46B94235-15D5-43B0-877A-3B82CF9E8007} = {827E0CD3-B72D-47B6-A68D-7590B98EB39B}
		{F03FC6B2-488C-4BC8-A0CC-9CE6A306FFEC} = {827E0CD3-B72D-47B6-A68D-7590B98EB39B}
		{8E2E8AC9-AE5D-4F89-89B6-536A5D57F2FA} = {827E0CD3-B72D-47B6-A68D-7590B98EB39B}
		{5C32FCEC-30D1-4252-B196-8B2B1FAA7FDA} = {827E0CD3-B72D-47B6-A68D-7590B98EB39B}
		{EDA644D3-AE69-4189-A1CA-A732E0D311F8} = {827E0CD3-B72D-47B6-A68D-7590B98EB39B}
		{82980094-CE35-4D04-B6DC-9B5E3CC0690D} = {827E0CD3-B72D-47B6-A68D-7590B98EB39B}
		{13BB2DDC-155C-4129-903E-C006CCB10CB2} = {827E0CD3-B72D-47B6-A68D-7590B98EB39B}
	EndGlobalSection
EndGlobal
