
Microsoft Visual Studio Solution File, Format Version 12.00
# Visual Studio Version 17
Project("{2150E333-8FDC-42A3-9474-1A3956D46DE8}") = "src", "src", "{827E0CD3-B72D-47B6-A68D-7590B98EB39B}"
EndProject
Project("{FAE04EC0-301F-11D3-BF4B-00C04F79EFBC}") = "WarThunderStreamDeck.Core", "src\WarThunderStreamDeck.Core\WarThunderStreamDeck.Core.csproj", "{89CD8899-14B0-4682-A0F6-68717E20AC78}"
EndProject
Project("{FAE04EC0-301F-11D3-BF4B-00C04F79EFBC}") = "WarThunderStreamDeck.Mechanisation", "src\WarThunderStreamDeck.Mechanisation\WarThunderStreamDeck.Mechanisation.csproj", "{E458751F-BE7E-4BB7-B4CD-E96D78B9B5ED}"
EndProject
Project("{FAE04EC0-301F-11D3-BF4B-00C04F79EFBC}") = "WarThunderStreamDeck.Engine", "src\WarThunderStreamDeck.Engine\WarThunderStreamDeck.Engine.csproj", "{EA313935-8CB1-46B5-AF9B-5AB3157EB2E5}"
EndProject
Project("{FAE04EC0-301F-11D3-BF4B-00C04F79EFBC}") = "WarThunderStreamDeck.WeaponsAa", "src\WarThunderStreamDeck.WeaponsAa\WarThunderStreamDeck.WeaponsAa.csproj", "{D3FDB5CD-FA3C-4265-81D3-6353BB688D64}"
EndProject
Project("{FAE04EC0-301F-11D3-BF4B-00C04F79EFBC}") = "WarThunderStreamDeck.WeaponsAg", "src\WarThunderStreamDeck.WeaponsAg\WarThunderStreamDeck.WeaponsAg.csproj", "{5BC70B3F-66C9-4FEB-8262-60603BD15527}"
EndProject
Project("{FAE04EC0-301F-11D3-BF4B-00C04F79EFBC}") = "WarThunderStreamDeck.Countermeasures", "src\WarThunderStreamDeck.Countermeasures\WarThunderStreamDeck.Countermeasures.csproj", "{2D981257-EDFA-411F-BAC7-48491431B4F7}"
EndProject
Project("{FAE04EC0-301F-11D3-BF4B-00C04F79EFBC}") = "WarThunderStreamDeck.RadarAir", "src\WarThunderStreamDeck.RadarAir\WarThunderStreamDeck.RadarAir.csproj", "{1A4F3A25-CFBD-475E-AFAA-A0FBFE851A4D}"
EndProject
Project("{FAE04EC0-301F-11D3-BF4B-00C04F79EFBC}") = "WarThunderStreamDeck.OpticsAir", "src\WarThunderStreamDeck.OpticsAir\WarThunderStreamDeck.OpticsAir.csproj", "{ECD72E04-70EB-4BEF-B939-35DDE465FD5E}"
EndProject
Project("{FAE04EC0-301F-11D3-BF4B-00C04F79EFBC}") = "WarThunderStreamDeck.HeliMech", "src\WarThunderStreamDeck.HeliMech\WarThunderStreamDeck.HeliMech.csproj", "{4C65CC93-240F-4182-87B7-A7ADFD49C97F}"
EndProject
Project("{FAE04EC0-301F-11D3-BF4B-00C04F79EFBC}") = "WarThunderStreamDeck.HeliCombat", "src\WarThunderStreamDeck.HeliCombat\WarThunderStreamDeck.HeliCombat.csproj", "{7F86EE3C-F30C-4357-9996-ABDEE4A470F5}"
EndProject
Project("{FAE04EC0-301F-11D3-BF4B-00C04F79EFBC}") = "WarThunderStreamDeck.HeliSensors", "src\WarThunderStreamDeck.HeliSensors\WarThunderStreamDeck.HeliSensors.csproj", "{2CA22673-F16E-4013-89FD-5B5CE99B568C}"
EndProject
Project("{FAE04EC0-301F-11D3-BF4B-00C04F79EFBC}") = "WarThunderStreamDeck.TankMovement", "src\WarThunderStreamDeck.TankMovement\WarThunderStreamDeck.TankMovement.csproj", "{E5CA9EF5-37AD-4EC9-AF3A-FC6181CE6DD6}"
EndProject
Project("{FAE04EC0-301F-11D3-BF4B-00C04F79EFBC}") = "WarThunderStreamDeck.TankCombat", "src\WarThunderStreamDeck.TankCombat\WarThunderStreamDeck.TankCombat.csproj", "{F7626126-25BF-40AD-AFE9-0B99E6EC6B4E}"
EndProject
Project("{FAE04EC0-301F-11D3-BF4B-00C04F79EFBC}") = "WarThunderStreamDeck.TankSights", "src\WarThunderStreamDeck.TankSights\WarThunderStreamDeck.TankSights.csproj", "{5D9A8624-B4C2-4460-B3D4-155AF2A897D9}"
EndProject
Project("{FAE04EC0-301F-11D3-BF4B-00C04F79EFBC}") = "WarThunderStreamDeck.RadarGround", "src\WarThunderStreamDeck.RadarGround\WarThunderStreamDeck.RadarGround.csproj", "{BF2A9FB7-846C-438D-B669-15D1566C50CF}"
EndProject
Project("{FAE04EC0-301F-11D3-BF4B-00C04F79EFBC}") = "WarThunderStreamDeck.ShipCombat", "src\WarThunderStreamDeck.ShipCombat\WarThunderStreamDeck.ShipCombat.csproj", "{99B34824-28E3-4FC5-8A7C-204568F10B86}"
EndProject
Project("{FAE04EC0-301F-11D3-BF4B-00C04F79EFBC}") = "WarThunderStreamDeck.View", "src\WarThunderStreamDeck.View\WarThunderStreamDeck.View.csproj", "{3859E66D-3E63-44D2-A618-F3A198AC23CD}"
EndProject
Project("{FAE04EC0-301F-11D3-BF4B-00C04F79EFBC}") = "WarThunderStreamDeck.Coms", "src\WarThunderStreamDeck.Coms\WarThunderStreamDeck.Coms.csproj", "{5A2C68D6-CE17-44F4-A750-2230BA14D78A}"
EndProject
Project("{FAE04EC0-301F-11D3-BF4B-00C04F79EFBC}") = "WarThunderStreamDeck.Hud", "src\WarThunderStreamDeck.Hud\WarThunderStreamDeck.Hud.csproj", "{57F3C583-C168-4553-B04B-E02EC83A2607}"
EndProject
Global
	GlobalSection(SolutionConfigurationPlatforms) = preSolution
		Debug|Any CPU = Debug|Any CPU
		Debug|x64 = Debug|x64
		Debug|x86 = Debug|x86
		Release|Any CPU = Release|Any CPU
		Release|x64 = Release|x64
		Release|x86 = Release|x86
	EndGlobalSection
	GlobalSection(ProjectConfigurationPlatforms) = postSolution
		{89CD8899-14B0-4682-A0F6-68717E20AC78}.Debug|Any CPU.ActiveCfg = Debug|Any CPU
		{89CD8899-14B0-4682-A0F6-68717E20AC78}.Debug|Any CPU.Build.0 = Debug|Any CPU
		{89CD8899-14B0-4682-A0F6-68717E20AC78}.Debug|x64.ActiveCfg = Debug|Any CPU
		{89CD8899-14B0-4682-A0F6-68717E20AC78}.Debug|x64.Build.0 = Debug|Any CPU
		{89CD8899-14B0-4682-A0F6-68717E20AC78}.Debug|x86.ActiveCfg = Debug|Any CPU
		{89CD8899-14B0-4682-A0F6-68717E20AC78}.Debug|x86.Build.0 = Debug|Any CPU
		{89CD8899-14B0-4682-A0F6-68717E20AC78}.Release|Any CPU.ActiveCfg = Release|Any CPU
		{89CD8899-14B0-4682-A0F6-68717E20AC78}.Release|Any CPU.Build.0 = Release|Any CPU
		{89CD8899-14B0-4682-A0F6-68717E20AC78}.Release|x64.ActiveCfg = Release|Any CPU
		{89CD8899-14B0-4682-A0F6-68717E20AC78}.Release|x64.Build.0 = Release|Any CPU
		{89CD8899-14B0-4682-A0F6-68717E20AC78}.Release|x86.ActiveCfg = Release|Any CPU
		{89CD8899-14B0-4682-A0F6-68717E20AC78}.Release|x86.Build.0 = Release|Any CPU
		{E458751F-BE7E-4BB7-B4CD-E96D78B9B5ED}.Debug|Any CPU.ActiveCfg = Debug|Any CPU
		{E458751F-BE7E-4BB7-B4CD-E96D78B9B5ED}.Debug|Any CPU.Build.0 = Debug|Any CPU
		{E458751F-BE7E-4BB7-B4CD-E96D78B9B5ED}.Debug|x64.ActiveCfg = Debug|Any CPU
		{E458751F-BE7E-4BB7-B4CD-E96D78B9B5ED}.Debug|x64.Build.0 = Debug|Any CPU
		{E458751F-BE7E-4BB7-B4CD-E96D78B9B5ED}.Debug|x86.ActiveCfg = Debug|Any CPU
		{E458751F-BE7E-4BB7-B4CD-E96D78B9B5ED}.Debug|x86.Build.0 = Debug|Any CPU
		{E458751F-BE7E-4BB7-B4CD-E96D78B9B5ED}.Release|Any CPU.ActiveCfg = Release|Any CPU
		{E458751F-BE7E-4BB7-B4CD-E96D78B9B5ED}.Release|Any CPU.Build.0 = Release|Any CPU
		{E458751F-BE7E-4BB7-B4CD-E96D78B9B5ED}.Release|x64.ActiveCfg = Release|Any CPU
		{E458751F-BE7E-4BB7-B4CD-E96D78B9B5ED}.Release|x64.Build.0 = Release|Any CPU
		{E458751F-BE7E-4BB7-B4CD-E96D78B9B5ED}.Release|x86.ActiveCfg = Release|Any CPU
		{E458751F-BE7E-4BB7-B4CD-E96D78B9B5ED}.Release|x86.Build.0 = Release|Any CPU
		{EA313935-8CB1-46B5-AF9B-5AB3157EB2E5}.Debug|Any CPU.ActiveCfg = Debug|Any CPU
		{EA313935-8CB1-46B5-AF9B-5AB3157EB2E5}.Debug|Any CPU.Build.0 = Debug|Any CPU
		{EA313935-8CB1-46B5-AF9B-5AB3157EB2E5}.Debug|x64.ActiveCfg = Debug|Any CPU
		{EA313935-8CB1-46B5-AF9B-5AB3157EB2E5}.Debug|x64.Build.0 = Debug|Any CPU
		{EA313935-8CB1-46B5-AF9B-5AB3157EB2E5}.Debug|x86.ActiveCfg = Debug|Any CPU
		{EA313935-8CB1-46B5-AF9B-5AB3157EB2E5}.Debug|x86.Build.0 = Debug|Any CPU
		{EA313935-8CB1-46B5-AF9B-5AB3157EB2E5}.Release|Any CPU.ActiveCfg = Release|Any CPU
		{EA313935-8CB1-46B5-AF9B-5AB3157EB2E5}.Release|Any CPU.Build.0 = Release|Any CPU
		{EA313935-8CB1-46B5-AF9B-5AB3157EB2E5}.Release|x64.ActiveCfg = Release|Any CPU
		{EA313935-8CB1-46B5-AF9B-5AB3157EB2E5}.Release|x64.Build.0 = Release|Any CPU
		{EA313935-8CB1-46B5-AF9B-5AB3157EB2E5}.Release|x86.ActiveCfg = Release|Any CPU
		{EA313935-8CB1-46B5-AF9B-5AB3157EB2E5}.Release|x86.Build.0 = Release|Any CPU
		{D3FDB5CD-FA3C-4265-81D3-6353BB688D64}.Debug|Any CPU.ActiveCfg = Debug|Any CPU
		{D3FDB5CD-FA3C-4265-81D3-6353BB688D64}.Debug|Any CPU.Build.0 = Debug|Any CPU
		{D3FDB5CD-FA3C-4265-81D3-6353BB688D64}.Debug|x64.ActiveCfg = Debug|Any CPU
		{D3FDB5CD-FA3C-4265-81D3-6353BB688D64}.Debug|x64.Build.0 = Debug|Any CPU
		{D3FDB5CD-FA3C-4265-81D3-6353BB688D64}.Debug|x86.ActiveCfg = Debug|Any CPU
		{D3FDB5CD-FA3C-4265-81D3-6353BB688D64}.Debug|x86.Build.0 = Debug|Any CPU
		{D3FDB5CD-FA3C-4265-81D3-6353BB688D64}.Release|Any CPU.ActiveCfg = Release|Any CPU
		{D3FDB5CD-FA3C-4265-81D3-6353BB688D64}.Release|Any CPU.Build.0 = Release|Any CPU
		{D3FDB5CD-FA3C-4265-81D3-6353BB688D64}.Release|x64.ActiveCfg = Release|Any CPU
		{D3FDB5CD-FA3C-4265-81D3-6353BB688D64}.Release|x64.Build.0 = Release|Any CPU
		{D3FDB5CD-FA3C-4265-81D3-6353BB688D64}.Release|x86.ActiveCfg = Release|Any CPU
		{D3FDB5CD-FA3C-4265-81D3-6353BB688D64}.Release|x86.Build.0 = Release|Any CPU
		{5BC70B3F-66C9-4FEB-8262-60603BD15527}.Debug|Any CPU.ActiveCfg = Debug|Any CPU
		{5BC70B3F-66C9-4FEB-8262-60603BD15527}.Debug|Any CPU.Build.0 = Debug|Any CPU
		{5BC70B3F-66C9-4FEB-8262-60603BD15527}.Debug|x64.ActiveCfg = Debug|Any CPU
		{5BC70B3F-66C9-4FEB-8262-60603BD15527}.Debug|x64.Build.0 = Debug|Any CPU
		{5BC70B3F-66C9-4FEB-8262-60603BD15527}.Debug|x86.ActiveCfg = Debug|Any CPU
		{5BC70B3F-66C9-4FEB-8262-60603BD15527}.Debug|x86.Build.0 = Debug|Any CPU
		{5BC70B3F-66C9-4FEB-8262-60603BD15527}.Release|Any CPU.ActiveCfg = Release|Any CPU
		{5BC70B3F-66C9-4FEB-8262-60603BD15527}.Release|Any CPU.Build.0 = Release|Any CPU
		{5BC70B3F-66C9-4FEB-8262-60603BD15527}.Release|x64.ActiveCfg = Release|Any CPU
		{5BC70B3F-66C9-4FEB-8262-60603BD15527}.Release|x64.Build.0 = Release|Any CPU
		{5BC70B3F-66C9-4FEB-8262-60603BD15527}.Release|x86.ActiveCfg = Release|Any CPU
		{5BC70B3F-66C9-4FEB-8262-60603BD15527}.Release|x86.Build.0 = Release|Any CPU
		{2D981257-EDFA-411F-BAC7-48491431B4F7}.Debug|Any CPU.ActiveCfg = Debug|Any CPU
		{2D981257-EDFA-411F-BAC7-48491431B4F7}.Debug|Any CPU.Build.0 = Debug|Any CPU
		{2D981257-EDFA-411F-BAC7-48491431B4F7}.Debug|x64.ActiveCfg = Debug|Any CPU
		{2D981257-EDFA-411F-BAC7-48491431B4F7}.Debug|x64.Build.0 = Debug|Any CPU
		{2D981257-EDFA-411F-BAC7-48491431B4F7}.Debug|x86.ActiveCfg = Debug|Any CPU
		{2D981257-EDFA-411F-BAC7-48491431B4F7}.Debug|x86.Build.0 = Debug|Any CPU
		{2D981257-EDFA-411F-BAC7-48491431B4F7}.Release|Any CPU.ActiveCfg = Release|Any CPU
		{2D981257-EDFA-411F-BAC7-48491431B4F7}.Release|Any CPU.Build.0 = Release|Any CPU
		{2D981257-EDFA-411F-BAC7-48491431B4F7}.Release|x64.ActiveCfg = Release|Any CPU
		{2D981257-EDFA-411F-BAC7-48491431B4F7}.Release|x64.Build.0 = Release|Any CPU
		{2D981257-EDFA-411F-BAC7-48491431B4F7}.Release|x86.ActiveCfg = Release|Any CPU
		{2D981257-EDFA-411F-BAC7-48491431B4F7}.Release|x86.Build.0 = Release|Any CPU
		{1A4F3A25-CFBD-475E-AFAA-A0FBFE851A4D}.Debug|Any CPU.ActiveCfg = Debug|Any CPU
		{1A4F3A25-CFBD-475E-AFAA-A0FBFE851A4D}.Debug|Any CPU.Build.0 = Debug|Any CPU
		{1A4F3A25-CFBD-475E-AFAA-A0FBFE851A4D}.Debug|x64.ActiveCfg = Debug|Any CPU
		{1A4F3A25-CFBD-475E-AFAA-A0FBFE851A4D}.Debug|x64.Build.0 = Debug|Any CPU
		{1A4F3A25-CFBD-475E-AFAA-A0FBFE851A4D}.Debug|x86.ActiveCfg = Debug|Any CPU
		{1A4F3A25-CFBD-475E-AFAA-A0FBFE851A4D}.Debug|x86.Build.0 = Debug|Any CPU
		{1A4F3A25-CFBD-475E-AFAA-A0FBFE851A4D}.Release|Any CPU.ActiveCfg = Release|Any CPU
		{1A4F3A25-CFBD-475E-AFAA-A0FBFE851A4D}.Release|Any CPU.Build.0 = Release|Any CPU
		{1A4F3A25-CFBD-475E-AFAA-A0FBFE851A4D}.Release|x64.ActiveCfg = Release|Any CPU
		{1A4F3A25-CFBD-475E-AFAA-A0FBFE851A4D}.Release|x64.Build.0 = Release|Any CPU
		{1A4F3A25-CFBD-475E-AFAA-A0FBFE851A4D}.Release|x86.ActiveCfg = Release|Any CPU
		{1A4F3A25-CFBD-475E-AFAA-A0FBFE851A4D}.Release|x86.Build.0 = Release|Any CPU
		{ECD72E04-70EB-4BEF-B939-35DDE465FD5E}.Debug|Any CPU.ActiveCfg = Debug|Any CPU
		{ECD72E04-70EB-4BEF-B939-35DDE465FD5E}.Debug|Any CPU.Build.0 = Debug|Any CPU
		{ECD72E04-70EB-4BEF-B939-35DDE465FD5E}.Debug|x64.ActiveCfg = Debug|Any CPU
		{ECD72E04-70EB-4BEF-B939-35DDE465FD5E}.Debug|x64.Build.0 = Debug|Any CPU
		{ECD72E04-70EB-4BEF-B939-35DDE465FD5E}.Debug|x86.ActiveCfg = Debug|Any CPU
		{ECD72E04-70EB-4BEF-B939-35DDE465FD5E}.Debug|x86.Build.0 = Debug|Any CPU
		{ECD72E04-70EB-4BEF-B939-35DDE465FD5E}.Release|Any CPU.ActiveCfg = Release|Any CPU
		{ECD72E04-70EB-4BEF-B939-35DDE465FD5E}.Release|Any CPU.Build.0 = Release|Any CPU
		{ECD72E04-70EB-4BEF-B939-35DDE465FD5E}.Release|x64.ActiveCfg = Release|Any CPU
		{ECD72E04-70EB-4BEF-B939-35DDE465FD5E}.Release|x64.Build.0 = Release|Any CPU
		{ECD72E04-70EB-4BEF-B939-35DDE465FD5E}.Release|x86.ActiveCfg = Release|Any CPU
		{ECD72E04-70EB-4BEF-B939-35DDE465FD5E}.Release|x86.Build.0 = Release|Any CPU
		{4C65CC93-240F-4182-87B7-A7ADFD49C97F}.Debug|Any CPU.ActiveCfg = Debug|Any CPU
		{4C65CC93-240F-4182-87B7-A7ADFD49C97F}.Debug|Any CPU.Build.0 = Debug|Any CPU
		{4C65CC93-240F-4182-87B7-A7ADFD49C97F}.Debug|x64.ActiveCfg = Debug|Any CPU
		{4C65CC93-240F-4182-87B7-A7ADFD49C97F}.Debug|x64.Build.0 = Debug|Any CPU
		{4C65CC93-240F-4182-87B7-A7ADFD49C97F}.Debug|x86.ActiveCfg = Debug|Any CPU
		{4C65CC93-240F-4182-87B7-A7ADFD49C97F}.Debug|x86.Build.0 = Debug|Any CPU
		{4C65CC93-240F-4182-87B7-A7ADFD49C97F}.Release|Any CPU.ActiveCfg = Release|Any CPU
		{4C65CC93-240F-4182-87B7-A7ADFD49C97F}.Release|Any CPU.Build.0 = Release|Any CPU
		{4C65CC93-240F-4182-87B7-A7ADFD49C97F}.Release|x64.ActiveCfg = Release|Any CPU
		{4C65CC93-240F-4182-87B7-A7ADFD49C97F}.Release|x64.Build.0 = Release|Any CPU
		{4C65CC93-240F-4182-87B7-A7ADFD49C97F}.Release|x86.ActiveCfg = Release|Any CPU
		{4C65CC93-240F-4182-87B7-A7ADFD49C97F}.Release|x86.Build.0 = Release|Any CPU
		{7F86EE3C-F30C-4357-9996-ABDEE4A470F5}.Debug|Any CPU.ActiveCfg = Debug|Any CPU
		{7F86EE3C-F30C-4357-9996-ABDEE4A470F5}.Debug|Any CPU.Build.0 = Debug|Any CPU
		{7F86EE3C-F30C-4357-9996-ABDEE4A470F5}.Debug|x64.ActiveCfg = Debug|Any CPU
		{7F86EE3C-F30C-4357-9996-ABDEE4A470F5}.Debug|x64.Build.0 = Debug|Any CPU
		{7F86EE3C-F30C-4357-9996-ABDEE4A470F5}.Debug|x86.ActiveCfg = Debug|Any CPU
		{7F86EE3C-F30C-4357-9996-ABDEE4A470F5}.Debug|x86.Build.0 = Debug|Any CPU
		{7F86EE3C-F30C-4357-9996-ABDEE4A470F5}.Release|Any CPU.ActiveCfg = Release|Any CPU
		{7F86EE3C-F30C-4357-9996-ABDEE4A470F5}.Release|Any CPU.Build.0 = Release|Any CPU
		{7F86EE3C-F30C-4357-9996-ABDEE4A470F5}.Release|x64.ActiveCfg = Release|Any CPU
		{7F86EE3C-F30C-4357-9996-ABDEE4A470F5}.Release|x64.Build.0 = Release|Any CPU
		{7F86EE3C-F30C-4357-9996-ABDEE4A470F5}.Release|x86.ActiveCfg = Release|Any CPU
		{7F86EE3C-F30C-4357-9996-ABDEE4A470F5}.Release|x86.Build.0 = Release|Any CPU
		{2CA22673-F16E-4013-89FD-5B5CE99B568C}.Debug|Any CPU.ActiveCfg = Debug|Any CPU
		{2CA22673-F16E-4013-89FD-5B5CE99B568C}.Debug|Any CPU.Build.0 = Debug|Any CPU
		{2CA22673-F16E-4013-89FD-5B5CE99B568C}.Debug|x64.ActiveCfg = Debug|Any CPU
		{2CA22673-F16E-4013-89FD-5B5CE99B568C}.Debug|x64.Build.0 = Debug|Any CPU
		{2CA22673-F16E-4013-89FD-5B5CE99B568C}.Debug|x86.ActiveCfg = Debug|Any CPU
		{2CA22673-F16E-4013-89FD-5B5CE99B568C}.Debug|x86.Build.0 = Debug|Any CPU
		{2CA22673-F16E-4013-89FD-5B5CE99B568C}.Release|Any CPU.ActiveCfg = Release|Any CPU
		{2CA22673-F16E-4013-89FD-5B5CE99B568C}.Release|Any CPU.Build.0 = Release|Any CPU
		{2CA22673-F16E-4013-89FD-5B5CE99B568C}.Release|x64.ActiveCfg = Release|Any CPU
		{2CA22673-F16E-4013-89FD-5B5CE99B568C}.Release|x64.Build.0 = Release|Any CPU
		{2CA22673-F16E-4013-89FD-5B5CE99B568C}.Release|x86.ActiveCfg = Release|Any CPU
		{2CA22673-F16E-4013-89FD-5B5CE99B568C}.Release|x86.Build.0 = Release|Any CPU
		{E5CA9EF5-37AD-4EC9-AF3A-FC6181CE6DD6}.Debug|Any CPU.ActiveCfg = Debug|Any CPU
		{E5CA9EF5-37AD-4EC9-AF3A-FC6181CE6DD6}.Debug|Any CPU.Build.0 = Debug|Any CPU
		{E5CA9EF5-37AD-4EC9-AF3A-FC6181CE6DD6}.Debug|x64.ActiveCfg = Debug|Any CPU
		{E5CA9EF5-37AD-4EC9-AF3A-FC6181CE6DD6}.Debug|x64.Build.0 = Debug|Any CPU
		{E5CA9EF5-37AD-4EC9-AF3A-FC6181CE6DD6}.Debug|x86.ActiveCfg = Debug|Any CPU
		{E5CA9EF5-37AD-4EC9-AF3A-FC6181CE6DD6}.Debug|x86.Build.0 = Debug|Any CPU
		{E5CA9EF5-37AD-4EC9-AF3A-FC6181CE6DD6}.Release|Any CPU.ActiveCfg = Release|Any CPU
		{E5CA9EF5-37AD-4EC9-AF3A-FC6181CE6DD6}.Release|Any CPU.Build.0 = Release|Any CPU
		{E5CA9EF5-37AD-4EC9-AF3A-FC6181CE6DD6}.Release|x64.ActiveCfg = Release|Any CPU
		{E5CA9EF5-37AD-4EC9-AF3A-FC6181CE6DD6}.Release|x64.Build.0 = Release|Any CPU
		{E5CA9EF5-37AD-4EC9-AF3A-FC6181CE6DD6}.Release|x86.ActiveCfg = Release|Any CPU
		{E5CA9EF5-37AD-4EC9-AF3A-FC6181CE6DD6}.Release|x86.Build.0 = Release|Any CPU
		{F7626126-25BF-40AD-AFE9-0B99E6EC6B4E}.Debug|Any CPU.ActiveCfg = Debug|Any CPU
		{F7626126-25BF-40AD-AFE9-0B99E6EC6B4E}.Debug|Any CPU.Build.0 = Debug|Any CPU
		{F7626126-25BF-40AD-AFE9-0B99E6EC6B4E}.Debug|x64.ActiveCfg = Debug|Any CPU
		{F7626126-25BF-40AD-AFE9-0B99E6EC6B4E}.Debug|x64.Build.0 = Debug|Any CPU
		{F7626126-25BF-40AD-AFE9-0B99E6EC6B4E}.Debug|x86.ActiveCfg = Debug|Any CPU
		{F7626126-25BF-40AD-AFE9-0B99E6EC6B4E}.Debug|x86.Build.0 = Debug|Any CPU
		{F7626126-25BF-40AD-AFE9-0B99E6EC6B4E}.Release|Any CPU.ActiveCfg = Release|Any CPU
		{F7626126-25BF-40AD-AFE9-0B99E6EC6B4E}.Release|Any CPU.Build.0 = Release|Any CPU
		{F7626126-25BF-40AD-AFE9-0B99E6EC6B4E}.Release|x64.ActiveCfg = Release|Any CPU
		{F7626126-25BF-40AD-AFE9-0B99E6EC6B4E}.Release|x64.Build.0 = Release|Any CPU
		{F7626126-25BF-40AD-AFE9-0B99E6EC6B4E}.Release|x86.ActiveCfg = Release|Any CPU
		{F7626126-25BF-40AD-AFE9-0B99E6EC6B4E}.Release|x86.Build.0 = Release|Any CPU
		{5D9A8624-B4C2-4460-B3D4-155AF2A897D9}.Debug|Any CPU.ActiveCfg = Debug|Any CPU
		{5D9A8624-B4C2-4460-B3D4-155AF2A897D9}.Debug|Any CPU.Build.0 = Debug|Any CPU
		{5D9A8624-B4C2-4460-B3D4-155AF2A897D9}.Debug|x64.ActiveCfg = Debug|Any CPU
		{5D9A8624-B4C2-4460-B3D4-155AF2A897D9}.Debug|x64.Build.0 = Debug|Any CPU
		{5D9A8624-B4C2-4460-B3D4-155AF2A897D9}.Debug|x86.ActiveCfg = Debug|Any CPU
		{5D9A8624-B4C2-4460-B3D4-155AF2A897D9}.Debug|x86.Build.0 = Debug|Any CPU
		{5D9A8624-B4C2-4460-B3D4-155AF2A897D9}.Release|Any CPU.ActiveCfg = Release|Any CPU
		{5D9A8624-B4C2-4460-B3D4-155AF2A897D9}.Release|Any CPU.Build.0 = Release|Any CPU
		{5D9A8624-B4C2-4460-B3D4-155AF2A897D9}.Release|x64.ActiveCfg = Release|Any CPU
		{5D9A8624-B4C2-4460-B3D4-155AF2A897D9}.Release|x64.Build.0 = Release|Any CPU
		{5D9A8624-B4C2-4460-B3D4-155AF2A897D9}.Release|x86.ActiveCfg = Release|Any CPU
		{5D9A8624-B4C2-4460-B3D4-155AF2A897D9}.Release|x86.Build.0 = Release|Any CPU
		{BF2A9FB7-846C-438D-B669-15D1566C50CF}.Debug|Any CPU.ActiveCfg = Debug|Any CPU
		{BF2A9FB7-846C-438D-B669-15D1566C50CF}.Debug|Any CPU.Build.0 = Debug|Any CPU
		{BF2A9FB7-846C-438D-B669-15D1566C50CF}.Debug|x64.ActiveCfg = Debug|Any CPU
		{BF2A9FB7-846C-438D-B669-15D1566C50CF}.Debug|x64.Build.0 = Debug|Any CPU
		{BF2A9FB7-846C-438D-B669-15D1566C50CF}.Debug|x86.ActiveCfg = Debug|Any CPU
		{BF2A9FB7-846C-438D-B669-15D1566C50CF}.Debug|x86.Build.0 = Debug|Any CPU
		{BF2A9FB7-846C-438D-B669-15D1566C50CF}.Release|Any CPU.ActiveCfg = Release|Any CPU
		{BF2A9FB7-846C-438D-B669-15D1566C50CF}.Release|Any CPU.Build.0 = Release|Any CPU
		{BF2A9FB7-846C-438D-B669-15D1566C50CF}.Release|x64.ActiveCfg = Release|Any CPU
		{BF2A9FB7-846C-438D-B669-15D1566C50CF}.Release|x64.Build.0 = Release|Any CPU
		{BF2A9FB7-846C-438D-B669-15D1566C50CF}.Release|x86.ActiveCfg = Release|Any CPU
		{BF2A9FB7-846C-438D-B669-15D1566C50CF}.Release|x86.Build.0 = Release|Any CPU
		{99B34824-28E3-4FC5-8A7C-204568F10B86}.Debug|Any CPU.ActiveCfg = Debug|Any CPU
		{99B34824-28E3-4FC5-8A7C-204568F10B86}.Debug|Any CPU.Build.0 = Debug|Any CPU
		{99B34824-28E3-4FC5-8A7C-204568F10B86}.Debug|x64.ActiveCfg = Debug|Any CPU
		{99B34824-28E3-4FC5-8A7C-204568F10B86}.Debug|x64.Build.0 = Debug|Any CPU
		{99B34824-28E3-4FC5-8A7C-204568F10B86}.Debug|x86.ActiveCfg = Debug|Any CPU
		{99B34824-28E3-4FC5-8A7C-204568F10B86}.Debug|x86.Build.0 = Debug|Any CPU
		{99B34824-28E3-4FC5-8A7C-204568F10B86}.Release|Any CPU.ActiveCfg = Release|Any CPU
		{99B34824-28E3-4FC5-8A7C-204568F10B86}.Release|Any CPU.Build.0 = Release|Any CPU
		{99B34824-28E3-4FC5-8A7C-204568F10B86}.Release|x64.ActiveCfg = Release|Any CPU
		{99B34824-28E3-4FC5-8A7C-204568F10B86}.Release|x64.Build.0 = Release|Any CPU
		{99B34824-28E3-4FC5-8A7C-204568F10B86}.Release|x86.ActiveCfg = Release|Any CPU
		{99B34824-28E3-4FC5-8A7C-204568F10B86}.Release|x86.Build.0 = Release|Any CPU
		{3859E66D-3E63-44D2-A618-F3A198AC23CD}.Debug|Any CPU.ActiveCfg = Debug|Any CPU
		{3859E66D-3E63-44D2-A618-F3A198AC23CD}.Debug|Any CPU.Build.0 = Debug|Any CPU
		{3859E66D-3E63-44D2-A618-F3A198AC23CD}.Debug|x64.ActiveCfg = Debug|Any CPU
		{3859E66D-3E63-44D2-A618-F3A198AC23CD}.Debug|x64.Build.0 = Debug|Any CPU
		{3859E66D-3E63-44D2-A618-F3A198AC23CD}.Debug|x86.ActiveCfg = Debug|Any CPU
		{3859E66D-3E63-44D2-A618-F3A198AC23CD}.Debug|x86.Build.0 = Debug|Any CPU
		{3859E66D-3E63-44D2-A618-F3A198AC23CD}.Release|Any CPU.ActiveCfg = Release|Any CPU
		{3859E66D-3E63-44D2-A618-F3A198AC23CD}.Release|Any CPU.Build.0 = Release|Any CPU
		{3859E66D-3E63-44D2-A618-F3A198AC23CD}.Release|x64.ActiveCfg = Release|Any CPU
		{3859E66D-3E63-44D2-A618-F3A198AC23CD}.Release|x64.Build.0 = Release|Any CPU
		{3859E66D-3E63-44D2-A618-F3A198AC23CD}.Release|x86.ActiveCfg = Release|Any CPU
		{3859E66D-3E63-44D2-A618-F3A198AC23CD}.Release|x86.Build.0 = Release|Any CPU
		{5A2C68D6-CE17-44F4-A750-2230BA14D78A}.Debug|Any CPU.ActiveCfg = Debug|Any CPU
		{5A2C68D6-CE17-44F4-A750-2230BA14D78A}.Debug|Any CPU.Build.0 = Debug|Any CPU
		{5A2C68D6-CE17-44F4-A750-2230BA14D78A}.Debug|x64.ActiveCfg = Debug|Any CPU
		{5A2C68D6-CE17-44F4-A750-2230BA14D78A}.Debug|x64.Build.0 = Debug|Any CPU
		{5A2C68D6-CE17-44F4-A750-2230BA14D78A}.Debug|x86.ActiveCfg = Debug|Any CPU
		{5A2C68D6-CE17-44F4-A750-2230BA14D78A}.Debug|x86.Build.0 = Debug|Any CPU
		{5A2C68D6-CE17-44F4-A750-2230BA14D78A}.Release|Any CPU.ActiveCfg = Release|Any CPU
		{5A2C68D6-CE17-44F4-A750-2230BA14D78A}.Release|Any CPU.Build.0 = Release|Any CPU
		{5A2C68D6-CE17-44F4-A750-2230BA14D78A}.Release|x64.ActiveCfg = Release|Any CPU
		{5A2C68D6-CE17-44F4-A750-2230BA14D78A}.Release|x64.Build.0 = Release|Any CPU
		{5A2C68D6-CE17-44F4-A750-2230BA14D78A}.Release|x86.ActiveCfg = Release|Any CPU
		{5A2C68D6-CE17-44F4-A750-2230BA14D78A}.Release|x86.Build.0 = Release|Any CPU
		{57F3C583-C168-4553-B04B-E02EC83A2607}.Debug|Any CPU.ActiveCfg = Debug|Any CPU
		{57F3C583-C168-4553-B04B-E02EC83A2607}.Debug|Any CPU.Build.0 = Debug|Any CPU
		{57F3C583-C168-4553-B04B-E02EC83A2607}.Debug|x64.ActiveCfg = Debug|Any CPU
		{57F3C583-C168-4553-B04B-E02EC83A2607}.Debug|x64.Build.0 = Debug|Any CPU
		{57F3C583-C168-4553-B04B-E02EC83A2607}.Debug|x86.ActiveCfg = Debug|Any CPU
		{57F3C583-C168-4553-B04B-E02EC83A2607}.Debug|x86.Build.0 = Debug|Any CPU
		{57F3C583-C168-4553-B04B-E02EC83A2607}.Release|Any CPU.ActiveCfg = Release|Any CPU
		{57F3C583-C168-4553-B04B-E02EC83A2607}.Release|Any CPU.Build.0 = Release|Any CPU
		{57F3C583-C168-4553-B04B-E02EC83A2607}.Release|x64.ActiveCfg = Release|Any CPU
		{57F3C583-C168-4553-B04B-E02EC83A2607}.Release|x64.Build.0 = Release|Any CPU
		{57F3C583-C168-4553-B04B-E02EC83A2607}.Release|x86.ActiveCfg = Release|Any CPU
		{57F3C583-C168-4553-B04B-E02EC83A2607}.Release|x86.Build.0 = Release|Any CPU
	EndGlobalSection
	GlobalSection(SolutionProperties) = preSolution
		HideSolutionNode = FALSE
	EndGlobalSection
	GlobalSection(NestedProjects) = preSolution
		{89CD8899-14B0-4682-A0F6-68717E20AC78} = {827E0CD3-B72D-47B6-A68D-7590B98EB39B}
		{E458751F-BE7E-4BB7-B4CD-E96D78B9B5ED} = {827E0CD3-B72D-47B6-A68D-7590B98EB39B}
		{EA313935-8CB1-46B5-AF9B-5AB3157EB2E5} = {827E0CD3-B72D-47B6-A68D-7590B98EB39B}
		{D3FDB5CD-FA3C-4265-81D3-6353BB688D64} = {827E0CD3-B72D-47B6-A68D-7590B98EB39B}
		{5BC70B3F-66C9-4FEB-8262-60603BD15527} = {827E0CD3-B72D-47B6-A68D-7590B98EB39B}
		{2D981257-EDFA-411F-BAC7-48491431B4F7} = {827E0CD3-B72D-47B6-A68D-7590B98EB39B}
		{1A4F3A25-CFBD-475E-AFAA-A0FBFE851A4D} = {827E0CD3-B72D-47B6-A68D-7590B98EB39B}
		{ECD72E04-70EB-4BEF-B939-35DDE465FD5E} = {827E0CD3-B72D-47B6-A68D-7590B98EB39B}
		{4C65CC93-240F-4182-87B7-A7ADFD49C97F} = {827E0CD3-B72D-47B6-A68D-7590B98EB39B}
		{7F86EE3C-F30C-4357-9996-ABDEE4A470F5} = {827E0CD3-B72D-47B6-A68D-7590B98EB39B}
		{2CA22673-F16E-4013-89FD-5B5CE99B568C} = {827E0CD3-B72D-47B6-A68D-7590B98EB39B}
		{E5CA9EF5-37AD-4EC9-AF3A-FC6181CE6DD6} = {827E0CD3-B72D-47B6-A68D-7590B98EB39B}
		{F7626126-25BF-40AD-AFE9-0B99E6EC6B4E} = {827E0CD3-B72D-47B6-A68D-7590B98EB39B}
		{5D9A8624-B4C2-4460-B3D4-155AF2A897D9} = {827E0CD3-B72D-47B6-A68D-7590B98EB39B}
		{BF2A9FB7-846C-438D-B669-15D1566C50CF} = {827E0CD3-B72D-47B6-A68D-7590B98EB39B}
		{99B34824-28E3-4FC5-8A7C-204568F10B86} = {827E0CD3-B72D-47B6-A68D-7590B98EB39B}
		{3859E66D-3E63-44D2-A618-F3A198AC23CD} = {827E0CD3-B72D-47B6-A68D-7590B98EB39B}
		{5A2C68D6-CE17-44F4-A750-2230BA14D78A} = {827E0CD3-B72D-47B6-A68D-7590B98EB39B}
		{57F3C583-C168-4553-B04B-E02EC83A2607} = {827E0CD3-B72D-47B6-A68D-7590B98EB39B}
	EndGlobalSection
EndGlobal
