
Microsoft Visual Studio Solution File, Format Version 12.00
# Visual Studio Version 17
Project("{2150E333-8FDC-42A3-9474-1A3956D46DE8}") = "src", "src", "{827E0CD3-B72D-47B6-A68D-7590B98EB39B}"
EndProject
Project("{FAE04EC0-301F-11D3-BF4B-00C04F79EFBC}") = "WarThunderStreamDeck.Core", "src\WarThunderStreamDeck.Core\WarThunderStreamDeck.Core.csproj", "{30BCBBE2-DB8D-4A1A-BD54-761EFA1357C0}"
EndProject
Project("{FAE04EC0-301F-11D3-BF4B-00C04F79EFBC}") = "WarThunderStreamDeck.Mechanisation", "src\WarThunderStreamDeck.Mechanisation\WarThunderStreamDeck.Mechanisation.csproj", "{88D7AFE9-D430-4F0A-B747-22AC5682C587}"
EndProject
Project("{FAE04EC0-301F-11D3-BF4B-00C04F79EFBC}") = "WarThunderStreamDeck.Engine", "src\WarThunderStreamDeck.Engine\WarThunderStreamDeck.Engine.csproj", "{5C66125E-FC32-4B14-B9CD-254BCA46BEF2}"
EndProject
Project("{FAE04EC0-301F-11D3-BF4B-00C04F79EFBC}") = "WarThunderStreamDeck.WeaponsAa", "src\WarThunderStreamDeck.WeaponsAa\WarThunderStreamDeck.WeaponsAa.csproj", "{459CE463-C19F-46A9-9AF3-DB00D8284B7A}"
EndProject
Project("{FAE04EC0-301F-11D3-BF4B-00C04F79EFBC}") = "WarThunderStreamDeck.WeaponsAg", "src\WarThunderStreamDeck.WeaponsAg\WarThunderStreamDeck.WeaponsAg.csproj", "{07441A91-2F72-468C-A5AE-FC14B5ECB2EE}"
EndProject
Project("{FAE04EC0-301F-11D3-BF4B-00C04F79EFBC}") = "WarThunderStreamDeck.Countermeasures", "src\WarThunderStreamDeck.Countermeasures\WarThunderStreamDeck.Countermeasures.csproj", "{543CCDFB-E1AA-417D-863F-ED2905445D16}"
EndProject
Project("{FAE04EC0-301F-11D3-BF4B-00C04F79EFBC}") = "WarThunderStreamDeck.RadarAir", "src\WarThunderStreamDeck.RadarAir\WarThunderStreamDeck.RadarAir.csproj", "{B86E72BB-7395-4179-9332-26CEA8A624DA}"
EndProject
Project("{FAE04EC0-301F-11D3-BF4B-00C04F79EFBC}") = "WarThunderStreamDeck.OpticsAir", "src\WarThunderStreamDeck.OpticsAir\WarThunderStreamDeck.OpticsAir.csproj", "{87A7FEB1-BAAC-4201-A632-D60CB2A9D228}"
EndProject
Project("{FAE04EC0-301F-11D3-BF4B-00C04F79EFBC}") = "WarThunderStreamDeck.HeliMech", "src\WarThunderStreamDeck.HeliMech\WarThunderStreamDeck.HeliMech.csproj", "{E022EFA4-CDEB-427D-9F3B-4A53D72A614B}"
EndProject
Project("{FAE04EC0-301F-11D3-BF4B-00C04F79EFBC}") = "WarThunderStreamDeck.HeliCombat", "src\WarThunderStreamDeck.HeliCombat\WarThunderStreamDeck.HeliCombat.csproj", "{72AB5DE8-EC64-487C-A01B-83E93BA84156}"
EndProject
Project("{FAE04EC0-301F-11D3-BF4B-00C04F79EFBC}") = "WarThunderStreamDeck.HeliSensors", "src\WarThunderStreamDeck.HeliSensors\WarThunderStreamDeck.HeliSensors.csproj", "{93B56824-41D2-4FE2-BF5A-67C6D63D7879}"
EndProject
Project("{FAE04EC0-301F-11D3-BF4B-00C04F79EFBC}") = "WarThunderStreamDeck.TankMovement", "src\WarThunderStreamDeck.TankMovement\WarThunderStreamDeck.TankMovement.csproj", "{28DC627B-3D30-4254-81C4-BA1E85B01473}"
EndProject
Project("{FAE04EC0-301F-11D3-BF4B-00C04F79EFBC}") = "WarThunderStreamDeck.TankCombat", "src\WarThunderStreamDeck.TankCombat\WarThunderStreamDeck.TankCombat.csproj", "{354F1959-D823-4831-9EF5-F2CE5ACCEB06}"
EndProject
Project("{FAE04EC0-301F-11D3-BF4B-00C04F79EFBC}") = "WarThunderStreamDeck.TankSights", "src\WarThunderStreamDeck.TankSights\WarThunderStreamDeck.TankSights.csproj", "{9A1383B8-EE0B-4435-8C2F-12A7245621F5}"
EndProject
Project("{FAE04EC0-301F-11D3-BF4B-00C04F79EFBC}") = "WarThunderStreamDeck.RadarGround", "src\WarThunderStreamDeck.RadarGround\WarThunderStreamDeck.RadarGround.csproj", "{F6D77AE8-18E6-49D6-8FA3-ED1F81EB2484}"
EndProject
Project("{FAE04EC0-301F-11D3-BF4B-00C04F79EFBC}") = "WarThunderStreamDeck.ShipCombat", "src\WarThunderStreamDeck.ShipCombat\WarThunderStreamDeck.ShipCombat.csproj", "{7C5D5C8A-13F7-45D4-97F9-693740DFD43D}"
EndProject
Project("{FAE04EC0-301F-11D3-BF4B-00C04F79EFBC}") = "WarThunderStreamDeck.View", "src\WarThunderStreamDeck.View\WarThunderStreamDeck.View.csproj", "{0A8BABFB-BB33-47E9-A509-CEE0C9AD3DAF}"
EndProject
Project("{FAE04EC0-301F-11D3-BF4B-00C04F79EFBC}") = "WarThunderStreamDeck.Coms", "src\WarThunderStreamDeck.Coms\WarThunderStreamDeck.Coms.csproj", "{C82402D1-58F1-49C2-ADF9-7323DE067581}"
EndProject
Project("{FAE04EC0-301F-11D3-BF4B-00C04F79EFBC}") = "WarThunderStreamDeck.Hud", "src\WarThunderStreamDeck.Hud\WarThunderStreamDeck.Hud.csproj", "{B58F4D29-31DF-4E94-B9EF-6575819DEA8A}"
EndProject
Global
	GlobalSection(SolutionConfigurationPlatforms) = preSolution
		Debug|Any CPU = Debug|Any CPU
		Debug|x64 = Debug|x64
		Debug|x86 = Debug|x86
		Release|Any CPU = Release|Any CPU
		Release|x64 = Release|x64
		Release|x86 = Release|x86
	EndGlobalSection
	GlobalSection(ProjectConfigurationPlatforms) = postSolution
		{30BCBBE2-DB8D-4A1A-BD54-761EFA1357C0}.Debug|Any CPU.ActiveCfg = Debug|Any CPU
		{30BCBBE2-DB8D-4A1A-BD54-761EFA1357C0}.Debug|Any CPU.Build.0 = Debug|Any CPU
		{30BCBBE2-DB8D-4A1A-BD54-761EFA1357C0}.Debug|x64.ActiveCfg = Debug|Any CPU
		{30BCBBE2-DB8D-4A1A-BD54-761EFA1357C0}.Debug|x64.Build.0 = Debug|Any CPU
		{30BCBBE2-DB8D-4A1A-BD54-761EFA1357C0}.Debug|x86.ActiveCfg = Debug|Any CPU
		{30BCBBE2-DB8D-4A1A-BD54-761EFA1357C0}.Debug|x86.Build.0 = Debug|Any CPU
		{30BCBBE2-DB8D-4A1A-BD54-761EFA1357C0}.Release|Any CPU.ActiveCfg = Release|Any CPU
		{30BCBBE2-DB8D-4A1A-BD54-761EFA1357C0}.Release|Any CPU.Build.0 = Release|Any CPU
		{30BCBBE2-DB8D-4A1A-BD54-761EFA1357C0}.Release|x64.ActiveCfg = Release|Any CPU
		{30BCBBE2-DB8D-4A1A-BD54-761EFA1357C0}.Release|x64.Build.0 = Release|Any CPU
		{30BCBBE2-DB8D-4A1A-BD54-761EFA1357C0}.Release|x86.ActiveCfg = Release|Any CPU
		{30BCBBE2-DB8D-4A1A-BD54-761EFA1357C0}.Release|x86.Build.0 = Release|Any CPU
		{88D7AFE9-D430-4F0A-B747-22AC5682C587}.Debug|Any CPU.ActiveCfg = Debug|Any CPU
		{88D7AFE9-D430-4F0A-B747-22AC5682C587}.Debug|Any CPU.Build.0 = Debug|Any CPU
		{88D7AFE9-D430-4F0A-B747-22AC5682C587}.Debug|x64.ActiveCfg = Debug|Any CPU
		{88D7AFE9-D430-4F0A-B747-22AC5682C587}.Debug|x64.Build.0 = Debug|Any CPU
		{88D7AFE9-D430-4F0A-B747-22AC5682C587}.Debug|x86.ActiveCfg = Debug|Any CPU
		{88D7AFE9-D430-4F0A-B747-22AC5682C587}.Debug|x86.Build.0 = Debug|Any CPU
		{88D7AFE9-D430-4F0A-B747-22AC5682C587}.Release|Any CPU.ActiveCfg = Release|Any CPU
		{88D7AFE9-D430-4F0A-B747-22AC5682C587}.Release|Any CPU.Build.0 = Release|Any CPU
		{88D7AFE9-D430-4F0A-B747-22AC5682C587}.Release|x64.ActiveCfg = Release|Any CPU
		{88D7AFE9-D430-4F0A-B747-22AC5682C587}.Release|x64.Build.0 = Release|Any CPU
		{88D7AFE9-D430-4F0A-B747-22AC5682C587}.Release|x86.ActiveCfg = Release|Any CPU
		{88D7AFE9-D430-4F0A-B747-22AC5682C587}.Release|x86.Build.0 = Release|Any CPU
		{5C66125E-FC32-4B14-B9CD-254BCA46BEF2}.Debug|Any CPU.ActiveCfg = Debug|Any CPU
		{5C66125E-FC32-4B14-B9CD-254BCA46BEF2}.Debug|Any CPU.Build.0 = Debug|Any CPU
		{5C66125E-FC32-4B14-B9CD-254BCA46BEF2}.Debug|x64.ActiveCfg = Debug|Any CPU
		{5C66125E-FC32-4B14-B9CD-254BCA46BEF2}.Debug|x64.Build.0 = Debug|Any CPU
		{5C66125E-FC32-4B14-B9CD-254BCA46BEF2}.Debug|x86.ActiveCfg = Debug|Any CPU
		{5C66125E-FC32-4B14-B9CD-254BCA46BEF2}.Debug|x86.Build.0 = Debug|Any CPU
		{5C66125E-FC32-4B14-B9CD-254BCA46BEF2}.Release|Any CPU.ActiveCfg = Release|Any CPU
		{5C66125E-FC32-4B14-B9CD-254BCA46BEF2}.Release|Any CPU.Build.0 = Release|Any CPU
		{5C66125E-FC32-4B14-B9CD-254BCA46BEF2}.Release|x64.ActiveCfg = Release|Any CPU
		{5C66125E-FC32-4B14-B9CD-254BCA46BEF2}.Release|x64.Build.0 = Release|Any CPU
		{5C66125E-FC32-4B14-B9CD-254BCA46BEF2}.Release|x86.ActiveCfg = Release|Any CPU
		{5C66125E-FC32-4B14-B9CD-254BCA46BEF2}.Release|x86.Build.0 = Release|Any CPU
		{459CE463-C19F-46A9-9AF3-DB00D8284B7A}.Debug|Any CPU.ActiveCfg = Debug|Any CPU
		{459CE463-C19F-46A9-9AF3-DB00D8284B7A}.Debug|Any CPU.Build.0 = Debug|Any CPU
		{459CE463-C19F-46A9-9AF3-DB00D8284B7A}.Debug|x64.ActiveCfg = Debug|Any CPU
		{459CE463-C19F-46A9-9AF3-DB00D8284B7A}.Debug|x64.Build.0 = Debug|Any CPU
		{459CE463-C19F-46A9-9AF3-DB00D8284B7A}.Debug|x86.ActiveCfg = Debug|Any CPU
		{459CE463-C19F-46A9-9AF3-DB00D8284B7A}.Debug|x86.Build.0 = Debug|Any CPU
		{459CE463-C19F-46A9-9AF3-DB00D8284B7A}.Release|Any CPU.ActiveCfg = Release|Any CPU
		{459CE463-C19F-46A9-9AF3-DB00D8284B7A}.Release|Any CPU.Build.0 = Release|Any CPU
		{459CE463-C19F-46A9-9AF3-DB00D8284B7A}.Release|x64.ActiveCfg = Release|Any CPU
		{459CE463-C19F-46A9-9AF3-DB00D8284B7A}.Release|x64.Build.0 = Release|Any CPU
		{459CE463-C19F-46A9-9AF3-DB00D8284B7A}.Release|x86.ActiveCfg = Release|Any CPU
		{459CE463-C19F-46A9-9AF3-DB00D8284B7A}.Release|x86.Build.0 = Release|Any CPU
		{07441A91-2F72-468C-A5AE-FC14B5ECB2EE}.Debug|Any CPU.ActiveCfg = Debug|Any CPU
		{07441A91-2F72-468C-A5AE-FC14B5ECB2EE}.Debug|Any CPU.Build.0 = Debug|Any CPU
		{07441A91-2F72-468C-A5AE-FC14B5ECB2EE}.Debug|x64.ActiveCfg = Debug|Any CPU
		{07441A91-2F72-468C-A5AE-FC14B5ECB2EE}.Debug|x64.Build.0 = Debug|Any CPU
		{07441A91-2F72-468C-A5AE-FC14B5ECB2EE}.Debug|x86.ActiveCfg = Debug|Any CPU
		{07441A91-2F72-468C-A5AE-FC14B5ECB2EE}.Debug|x86.Build.0 = Debug|Any CPU
		{07441A91-2F72-468C-A5AE-FC14B5ECB2EE}.Release|Any CPU.ActiveCfg = Release|Any CPU
		{07441A91-2F72-468C-A5AE-FC14B5ECB2EE}.Release|Any CPU.Build.0 = Release|Any CPU
		{07441A91-2F72-468C-A5AE-FC14B5ECB2EE}.Release|x64.ActiveCfg = Release|Any CPU
		{07441A91-2F72-468C-A5AE-FC14B5ECB2EE}.Release|x64.Build.0 = Release|Any CPU
		{07441A91-2F72-468C-A5AE-FC14B5ECB2EE}.Release|x86.ActiveCfg = Release|Any CPU
		{07441A91-2F72-468C-A5AE-FC14B5ECB2EE}.Release|x86.Build.0 = Release|Any CPU
		{543CCDFB-E1AA-417D-863F-ED2905445D16}.Debug|Any CPU.ActiveCfg = Debug|Any CPU
		{543CCDFB-E1AA-417D-863F-ED2905445D16}.Debug|Any CPU.Build.0 = Debug|Any CPU
		{543CCDFB-E1AA-417D-863F-ED2905445D16}.Debug|x64.ActiveCfg = Debug|Any CPU
		{543CCDFB-E1AA-417D-863F-ED2905445D16}.Debug|x64.Build.0 = Debug|Any CPU
		{543CCDFB-E1AA-417D-863F-ED2905445D16}.Debug|x86.ActiveCfg = Debug|Any CPU
		{543CCDFB-E1AA-417D-863F-ED2905445D16}.Debug|x86.Build.0 = Debug|Any CPU
		{543CCDFB-E1AA-417D-863F-ED2905445D16}.Release|Any CPU.ActiveCfg = Release|Any CPU
		{543CCDFB-E1AA-417D-863F-ED2905445D16}.Release|Any CPU.Build.0 = Release|Any CPU
		{543CCDFB-E1AA-417D-863F-ED2905445D16}.Release|x64.ActiveCfg = Release|Any CPU
		{543CCDFB-E1AA-417D-863F-ED2905445D16}.Release|x64.Build.0 = Release|Any CPU
		{543CCDFB-E1AA-417D-863F-ED2905445D16}.Release|x86.ActiveCfg = Release|Any CPU
		{543CCDFB-E1AA-417D-863F-ED2905445D16}.Release|x86.Build.0 = Release|Any CPU
		{B86E72BB-7395-4179-9332-26CEA8A624DA}.Debug|Any CPU.ActiveCfg = Debug|Any CPU
		{B86E72BB-7395-4179-9332-26CEA8A624DA}.Debug|Any CPU.Build.0 = Debug|Any CPU
		{B86E72BB-7395-4179-9332-26CEA8A624DA}.Debug|x64.ActiveCfg = Debug|Any CPU
		{B86E72BB-7395-4179-9332-26CEA8A624DA}.Debug|x64.Build.0 = Debug|Any CPU
		{B86E72BB-7395-4179-9332-26CEA8A624DA}.Debug|x86.ActiveCfg = Debug|Any CPU
		{B86E72BB-7395-4179-9332-26CEA8A624DA}.Debug|x86.Build.0 = Debug|Any CPU
		{B86E72BB-7395-4179-9332-26CEA8A624DA}.Release|Any CPU.ActiveCfg = Release|Any CPU
		{B86E72BB-7395-4179-9332-26CEA8A624DA}.Release|Any CPU.Build.0 = Release|Any CPU
		{B86E72BB-7395-4179-9332-26CEA8A624DA}.Release|x64.ActiveCfg = Release|Any CPU
		{B86E72BB-7395-4179-9332-26CEA8A624DA}.Release|x64.Build.0 = Release|Any CPU
		{B86E72BB-7395-4179-9332-26CEA8A624DA}.Release|x86.ActiveCfg = Release|Any CPU
		{B86E72BB-7395-4179-9332-26CEA8A624DA}.Release|x86.Build.0 = Release|Any CPU
		{87A7FEB1-BAAC-4201-A632-D60CB2A9D228}.Debug|Any CPU.ActiveCfg = Debug|Any CPU
		{87A7FEB1-BAAC-4201-A632-D60CB2A9D228}.Debug|Any CPU.Build.0 = Debug|Any CPU
		{87A7FEB1-BAAC-4201-A632-D60CB2A9D228}.Debug|x64.ActiveCfg = Debug|Any CPU
		{87A7FEB1-BAAC-4201-A632-D60CB2A9D228}.Debug|x64.Build.0 = Debug|Any CPU
		{87A7FEB1-BAAC-4201-A632-D60CB2A9D228}.Debug|x86.ActiveCfg = Debug|Any CPU
		{87A7FEB1-BAAC-4201-A632-D60CB2A9D228}.Debug|x86.Build.0 = Debug|Any CPU
		{87A7FEB1-BAAC-4201-A632-D60CB2A9D228}.Release|Any CPU.ActiveCfg = Release|Any CPU
		{87A7FEB1-BAAC-4201-A632-D60CB2A9D228}.Release|Any CPU.Build.0 = Release|Any CPU
		{87A7FEB1-BAAC-4201-A632-D60CB2A9D228}.Release|x64.ActiveCfg = Release|Any CPU
		{87A7FEB1-BAAC-4201-A632-D60CB2A9D228}.Release|x64.Build.0 = Release|Any CPU
		{87A7FEB1-BAAC-4201-A632-D60CB2A9D228}.Release|x86.ActiveCfg = Release|Any CPU
		{87A7FEB1-BAAC-4201-A632-D60CB2A9D228}.Release|x86.Build.0 = Release|Any CPU
		{E022EFA4-CDEB-427D-9F3B-4A53D72A614B}.Debug|Any CPU.ActiveCfg = Debug|Any CPU
		{E022EFA4-CDEB-427D-9F3B-4A53D72A614B}.Debug|Any CPU.Build.0 = Debug|Any CPU
		{E022EFA4-CDEB-427D-9F3B-4A53D72A614B}.Debug|x64.ActiveCfg = Debug|Any CPU
		{E022EFA4-CDEB-427D-9F3B-4A53D72A614B}.Debug|x64.Build.0 = Debug|Any CPU
		{E022EFA4-CDEB-427D-9F3B-4A53D72A614B}.Debug|x86.ActiveCfg = Debug|Any CPU
		{E022EFA4-CDEB-427D-9F3B-4A53D72A614B}.Debug|x86.Build.0 = Debug|Any CPU
		{E022EFA4-CDEB-427D-9F3B-4A53D72A614B}.Release|Any CPU.ActiveCfg = Release|Any CPU
		{E022EFA4-CDEB-427D-9F3B-4A53D72A614B}.Release|Any CPU.Build.0 = Release|Any CPU
		{E022EFA4-CDEB-427D-9F3B-4A53D72A614B}.Release|x64.ActiveCfg = Release|Any CPU
		{E022EFA4-CDEB-427D-9F3B-4A53D72A614B}.Release|x64.Build.0 = Release|Any CPU
		{E022EFA4-CDEB-427D-9F3B-4A53D72A614B}.Release|x86.ActiveCfg = Release|Any CPU
		{E022EFA4-CDEB-427D-9F3B-4A53D72A614B}.Release|x86.Build.0 = Release|Any CPU
		{72AB5DE8-EC64-487C-A01B-83E93BA84156}.Debug|Any CPU.ActiveCfg = Debug|Any CPU
		{72AB5DE8-EC64-487C-A01B-83E93BA84156}.Debug|Any CPU.Build.0 = Debug|Any CPU
		{72AB5DE8-EC64-487C-A01B-83E93BA84156}.Debug|x64.ActiveCfg = Debug|Any CPU
		{72AB5DE8-EC64-487C-A01B-83E93BA84156}.Debug|x64.Build.0 = Debug|Any CPU
		{72AB5DE8-EC64-487C-A01B-83E93BA84156}.Debug|x86.ActiveCfg = Debug|Any CPU
		{72AB5DE8-EC64-487C-A01B-83E93BA84156}.Debug|x86.Build.0 = Debug|Any CPU
		{72AB5DE8-EC64-487C-A01B-83E93BA84156}.Release|Any CPU.ActiveCfg = Release|Any CPU
		{72AB5DE8-EC64-487C-A01B-83E93BA84156}.Release|Any CPU.Build.0 = Release|Any CPU
		{72AB5DE8-EC64-487C-A01B-83E93BA84156}.Release|x64.ActiveCfg = Release|Any CPU
		{72AB5DE8-EC64-487C-A01B-83E93BA84156}.Release|x64.Build.0 = Release|Any CPU
		{72AB5DE8-EC64-487C-A01B-83E93BA84156}.Release|x86.ActiveCfg = Release|Any CPU
		{72AB5DE8-EC64-487C-A01B-83E93BA84156}.Release|x86.Build.0 = Release|Any CPU
		{93B56824-41D2-4FE2-BF5A-67C6D63D7879}.Debug|Any CPU.ActiveCfg = Debug|Any CPU
		{93B56824-41D2-4FE2-BF5A-67C6D63D7879}.Debug|Any CPU.Build.0 = Debug|Any CPU
		{93B56824-41D2-4FE2-BF5A-67C6D63D7879}.Debug|x64.ActiveCfg = Debug|Any CPU
		{93B56824-41D2-4FE2-BF5A-67C6D63D7879}.Debug|x64.Build.0 = Debug|Any CPU
		{93B56824-41D2-4FE2-BF5A-67C6D63D7879}.Debug|x86.ActiveCfg = Debug|Any CPU
		{93B56824-41D2-4FE2-BF5A-67C6D63D7879}.Debug|x86.Build.0 = Debug|Any CPU
		{93B56824-41D2-4FE2-BF5A-67C6D63D7879}.Release|Any CPU.ActiveCfg = Release|Any CPU
		{93B56824-41D2-4FE2-BF5A-67C6D63D7879}.Release|Any CPU.Build.0 = Release|Any CPU
		{93B56824-41D2-4FE2-BF5A-67C6D63D7879}.Release|x64.ActiveCfg = Release|Any CPU
		{93B56824-41D2-4FE2-BF5A-67C6D63D7879}.Release|x64.Build.0 = Release|Any CPU
		{93B56824-41D2-4FE2-BF5A-67C6D63D7879}.Release|x86.ActiveCfg = Release|Any CPU
		{93B56824-41D2-4FE2-BF5A-67C6D63D7879}.Release|x86.Build.0 = Release|Any CPU
		{28DC627B-3D30-4254-81C4-BA1E85B01473}.Debug|Any CPU.ActiveCfg = Debug|Any CPU
		{28DC627B-3D30-4254-81C4-BA1E85B01473}.Debug|Any CPU.Build.0 = Debug|Any CPU
		{28DC627B-3D30-4254-81C4-BA1E85B01473}.Debug|x64.ActiveCfg = Debug|Any CPU
		{28DC627B-3D30-4254-81C4-BA1E85B01473}.Debug|x64.Build.0 = Debug|Any CPU
		{28DC627B-3D30-4254-81C4-BA1E85B01473}.Debug|x86.ActiveCfg = Debug|Any CPU
		{28DC627B-3D30-4254-81C4-BA1E85B01473}.Debug|x86.Build.0 = Debug|Any CPU
		{28DC627B-3D30-4254-81C4-BA1E85B01473}.Release|Any CPU.ActiveCfg = Release|Any CPU
		{28DC627B-3D30-4254-81C4-BA1E85B01473}.Release|Any CPU.Build.0 = Release|Any CPU
		{28DC627B-3D30-4254-81C4-BA1E85B01473}.Release|x64.ActiveCfg = Release|Any CPU
		{28DC627B-3D30-4254-81C4-BA1E85B01473}.Release|x64.Build.0 = Release|Any CPU
		{28DC627B-3D30-4254-81C4-BA1E85B01473}.Release|x86.ActiveCfg = Release|Any CPU
		{28DC627B-3D30-4254-81C4-BA1E85B01473}.Release|x86.Build.0 = Release|Any CPU
		{354F1959-D823-4831-9EF5-F2CE5ACCEB06}.Debug|Any CPU.ActiveCfg = Debug|Any CPU
		{354F1959-D823-4831-9EF5-F2CE5ACCEB06}.Debug|Any CPU.Build.0 = Debug|Any CPU
		{354F1959-D823-4831-9EF5-F2CE5ACCEB06}.Debug|x64.ActiveCfg = Debug|Any CPU
		{354F1959-D823-4831-9EF5-F2CE5ACCEB06}.Debug|x64.Build.0 = Debug|Any CPU
		{354F1959-D823-4831-9EF5-F2CE5ACCEB06}.Debug|x86.ActiveCfg = Debug|Any CPU
		{354F1959-D823-4831-9EF5-F2CE5ACCEB06}.Debug|x86.Build.0 = Debug|Any CPU
		{354F1959-D823-4831-9EF5-F2CE5ACCEB06}.Release|Any CPU.ActiveCfg = Release|Any CPU
		{354F1959-D823-4831-9EF5-F2CE5ACCEB06}.Release|Any CPU.Build.0 = Release|Any CPU
		{354F1959-D823-4831-9EF5-F2CE5ACCEB06}.Release|x64.ActiveCfg = Release|Any CPU
		{354F1959-D823-4831-9EF5-F2CE5ACCEB06}.Release|x64.Build.0 = Release|Any CPU
		{354F1959-D823-4831-9EF5-F2CE5ACCEB06}.Release|x86.ActiveCfg = Release|Any CPU
		{354F1959-D823-4831-9EF5-F2CE5ACCEB06}.Release|x86.Build.0 = Release|Any CPU
		{9A1383B8-EE0B-4435-8C2F-12A7245621F5}.Debug|Any CPU.ActiveCfg = Debug|Any CPU
		{9A1383B8-EE0B-4435-8C2F-12A7245621F5}.Debug|Any CPU.Build.0 = Debug|Any CPU
		{9A1383B8-EE0B-4435-8C2F-12A7245621F5}.Debug|x64.ActiveCfg = Debug|Any CPU
		{9A1383B8-EE0B-4435-8C2F-12A7245621F5}.Debug|x64.Build.0 = Debug|Any CPU
		{9A1383B8-EE0B-4435-8C2F-12A7245621F5}.Debug|x86.ActiveCfg = Debug|Any CPU
		{9A1383B8-EE0B-4435-8C2F-12A7245621F5}.Debug|x86.Build.0 = Debug|Any CPU
		{9A1383B8-EE0B-4435-8C2F-12A7245621F5}.Release|Any CPU.ActiveCfg = Release|Any CPU
		{9A1383B8-EE0B-4435-8C2F-12A7245621F5}.Release|Any CPU.Build.0 = Release|Any CPU
		{9A1383B8-EE0B-4435-8C2F-12A7245621F5}.Release|x64.ActiveCfg = Release|Any CPU
		{9A1383B8-EE0B-4435-8C2F-12A7245621F5}.Release|x64.Build.0 = Release|Any CPU
		{9A1383B8-EE0B-4435-8C2F-12A7245621F5}.Release|x86.ActiveCfg = Release|Any CPU
		{9A1383B8-EE0B-4435-8C2F-12A7245621F5}.Release|x86.Build.0 = Release|Any CPU
		{F6D77AE8-18E6-49D6-8FA3-ED1F81EB2484}.Debug|Any CPU.ActiveCfg = Debug|Any CPU
		{F6D77AE8-18E6-49D6-8FA3-ED1F81EB2484}.Debug|Any CPU.Build.0 = Debug|Any CPU
		{F6D77AE8-18E6-49D6-8FA3-ED1F81EB2484}.Debug|x64.ActiveCfg = Debug|Any CPU
		{F6D77AE8-18E6-49D6-8FA3-ED1F81EB2484}.Debug|x64.Build.0 = Debug|Any CPU
		{F6D77AE8-18E6-49D6-8FA3-ED1F81EB2484}.Debug|x86.ActiveCfg = Debug|Any CPU
		{F6D77AE8-18E6-49D6-8FA3-ED1F81EB2484}.Debug|x86.Build.0 = Debug|Any CPU
		{F6D77AE8-18E6-49D6-8FA3-ED1F81EB2484}.Release|Any CPU.ActiveCfg = Release|Any CPU
		{F6D77AE8-18E6-49D6-8FA3-ED1F81EB2484}.Release|Any CPU.Build.0 = Release|Any CPU
		{F6D77AE8-18E6-49D6-8FA3-ED1F81EB2484}.Release|x64.ActiveCfg = Release|Any CPU
		{F6D77AE8-18E6-49D6-8FA3-ED1F81EB2484}.Release|x64.Build.0 = Release|Any CPU
		{F6D77AE8-18E6-49D6-8FA3-ED1F81EB2484}.Release|x86.ActiveCfg = Release|Any CPU
		{F6D77AE8-18E6-49D6-8FA3-ED1F81EB2484}.Release|x86.Build.0 = Release|Any CPU
		{7C5D5C8A-13F7-45D4-97F9-693740DFD43D}.Debug|Any CPU.ActiveCfg = Debug|Any CPU
		{7C5D5C8A-13F7-45D4-97F9-693740DFD43D}.Debug|Any CPU.Build.0 = Debug|Any CPU
		{7C5D5C8A-13F7-45D4-97F9-693740DFD43D}.Debug|x64.ActiveCfg = Debug|Any CPU
		{7C5D5C8A-13F7-45D4-97F9-693740DFD43D}.Debug|x64.Build.0 = Debug|Any CPU
		{7C5D5C8A-13F7-45D4-97F9-693740DFD43D}.Debug|x86.ActiveCfg = Debug|Any CPU
		{7C5D5C8A-13F7-45D4-97F9-693740DFD43D}.Debug|x86.Build.0 = Debug|Any CPU
		{7C5D5C8A-13F7-45D4-97F9-693740DFD43D}.Release|Any CPU.ActiveCfg = Release|Any CPU
		{7C5D5C8A-13F7-45D4-97F9-693740DFD43D}.Release|Any CPU.Build.0 = Release|Any CPU
		{7C5D5C8A-13F7-45D4-97F9-693740DFD43D}.Release|x64.ActiveCfg = Release|Any CPU
		{7C5D5C8A-13F7-45D4-97F9-693740DFD43D}.Release|x64.Build.0 = Release|Any CPU
		{7C5D5C8A-13F7-45D4-97F9-693740DFD43D}.Release|x86.ActiveCfg = Release|Any CPU
		{7C5D5C8A-13F7-45D4-97F9-693740DFD43D}.Release|x86.Build.0 = Release|Any CPU
		{0A8BABFB-BB33-47E9-A509-CEE0C9AD3DAF}.Debug|Any CPU.ActiveCfg = Debug|Any CPU
		{0A8BABFB-BB33-47E9-A509-CEE0C9AD3DAF}.Debug|Any CPU.Build.0 = Debug|Any CPU
		{0A8BABFB-BB33-47E9-A509-CEE0C9AD3DAF}.Debug|x64.ActiveCfg = Debug|Any CPU
		{0A8BABFB-BB33-47E9-A509-CEE0C9AD3DAF}.Debug|x64.Build.0 = Debug|Any CPU
		{0A8BABFB-BB33-47E9-A509-CEE0C9AD3DAF}.Debug|x86.ActiveCfg = Debug|Any CPU
		{0A8BABFB-BB33-47E9-A509-CEE0C9AD3DAF}.Debug|x86.Build.0 = Debug|Any CPU
		{0A8BABFB-BB33-47E9-A509-CEE0C9AD3DAF}.Release|Any CPU.ActiveCfg = Release|Any CPU
		{0A8BABFB-BB33-47E9-A509-CEE0C9AD3DAF}.Release|Any CPU.Build.0 = Release|Any CPU
		{0A8BABFB-BB33-47E9-A509-CEE0C9AD3DAF}.Release|x64.ActiveCfg = Release|Any CPU
		{0A8BABFB-BB33-47E9-A509-CEE0C9AD3DAF}.Release|x64.Build.0 = Release|Any CPU
		{0A8BABFB-BB33-47E9-A509-CEE0C9AD3DAF}.Release|x86.ActiveCfg = Release|Any CPU
		{0A8BABFB-BB33-47E9-A509-CEE0C9AD3DAF}.Release|x86.Build.0 = Release|Any CPU
		{C82402D1-58F1-49C2-ADF9-7323DE067581}.Debug|Any CPU.ActiveCfg = Debug|Any CPU
		{C82402D1-58F1-49C2-ADF9-7323DE067581}.Debug|Any CPU.Build.0 = Debug|Any CPU
		{C82402D1-58F1-49C2-ADF9-7323DE067581}.Debug|x64.ActiveCfg = Debug|Any CPU
		{C82402D1-58F1-49C2-ADF9-7323DE067581}.Debug|x64.Build.0 = Debug|Any CPU
		{C82402D1-58F1-49C2-ADF9-7323DE067581}.Debug|x86.ActiveCfg = Debug|Any CPU
		{C82402D1-58F1-49C2-ADF9-7323DE067581}.Debug|x86.Build.0 = Debug|Any CPU
		{C82402D1-58F1-49C2-ADF9-7323DE067581}.Release|Any CPU.ActiveCfg = Release|Any CPU
		{C82402D1-58F1-49C2-ADF9-7323DE067581}.Release|Any CPU.Build.0 = Release|Any CPU
		{C82402D1-58F1-49C2-ADF9-7323DE067581}.Release|x64.ActiveCfg = Release|Any CPU
		{C82402D1-58F1-49C2-ADF9-7323DE067581}.Release|x64.Build.0 = Release|Any CPU
		{C82402D1-58F1-49C2-ADF9-7323DE067581}.Release|x86.ActiveCfg = Release|Any CPU
		{C82402D1-58F1-49C2-ADF9-7323DE067581}.Release|x86.Build.0 = Release|Any CPU
		{B58F4D29-31DF-4E94-B9EF-6575819DEA8A}.Debug|Any CPU.ActiveCfg = Debug|Any CPU
		{B58F4D29-31DF-4E94-B9EF-6575819DEA8A}.Debug|Any CPU.Build.0 = Debug|Any CPU
		{B58F4D29-31DF-4E94-B9EF-6575819DEA8A}.Debug|x64.ActiveCfg = Debug|Any CPU
		{B58F4D29-31DF-4E94-B9EF-6575819DEA8A}.Debug|x64.Build.0 = Debug|Any CPU
		{B58F4D29-31DF-4E94-B9EF-6575819DEA8A}.Debug|x86.ActiveCfg = Debug|Any CPU
		{B58F4D29-31DF-4E94-B9EF-6575819DEA8A}.Debug|x86.Build.0 = Debug|Any CPU
		{B58F4D29-31DF-4E94-B9EF-6575819DEA8A}.Release|Any CPU.ActiveCfg = Release|Any CPU
		{B58F4D29-31DF-4E94-B9EF-6575819DEA8A}.Release|Any CPU.Build.0 = Release|Any CPU
		{B58F4D29-31DF-4E94-B9EF-6575819DEA8A}.Release|x64.ActiveCfg = Release|Any CPU
		{B58F4D29-31DF-4E94-B9EF-6575819DEA8A}.Release|x64.Build.0 = Release|Any CPU
		{B58F4D29-31DF-4E94-B9EF-6575819DEA8A}.Release|x86.ActiveCfg = Release|Any CPU
		{B58F4D29-31DF-4E94-B9EF-6575819DEA8A}.Release|x86.Build.0 = Release|Any CPU
	EndGlobalSection
	GlobalSection(SolutionProperties) = preSolution
		HideSolutionNode = FALSE
	EndGlobalSection
	GlobalSection(NestedProjects) = preSolution
		{30BCBBE2-DB8D-4A1A-BD54-761EFA1357C0} = {827E0CD3-B72D-47B6-A68D-7590B98EB39B}
		{88D7AFE9-D430-4F0A-B747-22AC5682C587} = {827E0CD3-B72D-47B6-A68D-7590B98EB39B}
		{5C66125E-FC32-4B14-B9CD-254BCA46BEF2} = {827E0CD3-B72D-47B6-A68D-7590B98EB39B}
		{459CE463-C19F-46A9-9AF3-DB00D8284B7A} = {827E0CD3-B72D-47B6-A68D-7590B98EB39B}
		{07441A91-2F72-468C-A5AE-FC14B5ECB2EE} = {827E0CD3-B72D-47B6-A68D-7590B98EB39B}
		{543CCDFB-E1AA-417D-863F-ED2905445D16} = {827E0CD3-B72D-47B6-A68D-7590B98EB39B}
		{B86E72BB-7395-4179-9332-26CEA8A624DA} = {827E0CD3-B72D-47B6-A68D-7590B98EB39B}
		{87A7FEB1-BAAC-4201-A632-D60CB2A9D228} = {827E0CD3-B72D-47B6-A68D-7590B98EB39B}
		{E022EFA4-CDEB-427D-9F3B-4A53D72A614B} = {827E0CD3-B72D-47B6-A68D-7590B98EB39B}
		{72AB5DE8-EC64-487C-A01B-83E93BA84156} = {827E0CD3-B72D-47B6-A68D-7590B98EB39B}
		{93B56824-41D2-4FE2-BF5A-67C6D63D7879} = {827E0CD3-B72D-47B6-A68D-7590B98EB39B}
		{28DC627B-3D30-4254-81C4-BA1E85B01473} = {827E0CD3-B72D-47B6-A68D-7590B98EB39B}
		{354F1959-D823-4831-9EF5-F2CE5ACCEB06} = {827E0CD3-B72D-47B6-A68D-7590B98EB39B}
		{9A1383B8-EE0B-4435-8C2F-12A7245621F5} = {827E0CD3-B72D-47B6-A68D-7590B98EB39B}
		{F6D77AE8-18E6-49D6-8FA3-ED1F81EB2484} = {827E0CD3-B72D-47B6-A68D-7590B98EB39B}
		{7C5D5C8A-13F7-45D4-97F9-693740DFD43D} = {827E0CD3-B72D-47B6-A68D-7590B98EB39B}
		{0A8BABFB-BB33-47E9-A509-CEE0C9AD3DAF} = {827E0CD3-B72D-47B6-A68D-7590B98EB39B}
		{C82402D1-58F1-49C2-ADF9-7323DE067581} = {827E0CD3-B72D-47B6-A68D-7590B98EB39B}
		{B58F4D29-31DF-4E94-B9EF-6575819DEA8A} = {827E0CD3-B72D-47B6-A68D-7590B98EB39B}
	EndGlobalSection
EndGlobal
